// !$*UTF8*$!
{
	archiveVersion = 1;
	classes = {
	};
	objectVersion = 55;
	objects = {

/* Begin PBXBuildFile section */
		7A0CBFC82873253500101B0B /* PostQuestionViewModel.swift in Sources */ = {isa = PBXBuildFile; fileRef = 7A0CBFC72873253500101B0B /* PostQuestionViewModel.swift */; };
		7A11A00F287592620099364A /* AllQuestionView.swift in Sources */ = {isa = PBXBuildFile; fileRef = 7A11A00E287592620099364A /* AllQuestionView.swift */; };
		7A11A0122875952C0099364A /* WhiteQuestionCardView.swift in Sources */ = {isa = PBXBuildFile; fileRef = 7A11A0112875952C0099364A /* WhiteQuestionCardView.swift */; };
		7A11A0142875BE980099364A /* SeeAllCommentsView.swift in Sources */ = {isa = PBXBuildFile; fileRef = 7A11A0132875BE980099364A /* SeeAllCommentsView.swift */; };
		7A2A9B1928608DF900224E2D /* myMuftiApp.swift in Sources */ = {isa = PBXBuildFile; fileRef = 7A2A9B1828608DF900224E2D /* myMuftiApp.swift */; };
		7A2A9B1B28608DF900224E2D /* ContentView.swift in Sources */ = {isa = PBXBuildFile; fileRef = 7A2A9B1A28608DF900224E2D /* ContentView.swift */; };
		7A2A9B1D28608DFD00224E2D /* Assets.xcassets in Resources */ = {isa = PBXBuildFile; fileRef = 7A2A9B1C28608DFD00224E2D /* Assets.xcassets */; };
		7A2A9B2028608DFD00224E2D /* Preview Assets.xcassets in Resources */ = {isa = PBXBuildFile; fileRef = 7A2A9B1F28608DFD00224E2D /* Preview Assets.xcassets */; };
		7A2A9B3828608E5900224E2D /* UserDefaultManager.swift in Sources */ = {isa = PBXBuildFile; fileRef = 7A2A9B2828608E5800224E2D /* UserDefaultManager.swift */; };
		7A2A9B3928608E5900224E2D /* ImagePicker.swift in Sources */ = {isa = PBXBuildFile; fileRef = 7A2A9B2A28608E5800224E2D /* ImagePicker.swift */; };
		7A2A9B3A28608E5900224E2D /* NetworkManager.swift in Sources */ = {isa = PBXBuildFile; fileRef = 7A2A9B2C28608E5800224E2D /* NetworkManager.swift */; };
		7A2A9B3B28608E5900224E2D /* DateManager.swift in Sources */ = {isa = PBXBuildFile; fileRef = 7A2A9B2E28608E5800224E2D /* DateManager.swift */; };
		7A2A9B3C28608E5900224E2D /* ColorExtension.swift in Sources */ = {isa = PBXBuildFile; fileRef = 7A2A9B3028608E5800224E2D /* ColorExtension.swift */; };
		7A2A9B3D28608E5900224E2D /* AlignmentExt.swift in Sources */ = {isa = PBXBuildFile; fileRef = 7A2A9B3228608E5800224E2D /* AlignmentExt.swift */; };
		7A2A9B3E28608E5900224E2D /* TFPlaceHolderExtension.swift in Sources */ = {isa = PBXBuildFile; fileRef = 7A2A9B3328608E5800224E2D /* TFPlaceHolderExtension.swift */; };
		7A2A9B3F28608E5900224E2D /* UIImageExt.swift in Sources */ = {isa = PBXBuildFile; fileRef = 7A2A9B3428608E5800224E2D /* UIImageExt.swift */; };
		7A2A9B4028608E5900224E2D /* Constants.swift in Sources */ = {isa = PBXBuildFile; fileRef = 7A2A9B3628608E5900224E2D /* Constants.swift */; };
		7A2A9B4128608E5900224E2D /* Validators.swift in Sources */ = {isa = PBXBuildFile; fileRef = 7A2A9B3728608E5900224E2D /* Validators.swift */; };
		7A2A9B4428608E6C00224E2D /* Alamofire in Frameworks */ = {isa = PBXBuildFile; productRef = 7A2A9B4328608E6C00224E2D /* Alamofire */; };
		7A2A9B4728608E8D00224E2D /* GoogleSignIn in Frameworks */ = {isa = PBXBuildFile; productRef = 7A2A9B4628608E8D00224E2D /* GoogleSignIn */; };
		7A2A9B4928608E8D00224E2D /* GoogleSignInSwift in Frameworks */ = {isa = PBXBuildFile; productRef = 7A2A9B4828608E8D00224E2D /* GoogleSignInSwift */; };
		7A2A9B4C28608EAD00224E2D /* SwiftSpinner in Frameworks */ = {isa = PBXBuildFile; productRef = 7A2A9B4B28608EAD00224E2D /* SwiftSpinner */; };
		7A2A9B5B28608EED00224E2D /* LoginInHeaderView.swift in Sources */ = {isa = PBXBuildFile; fileRef = 7A2A9B5028608EED00224E2D /* LoginInHeaderView.swift */; };
		7A2A9B5C28608EED00224E2D /* BlackButton.swift in Sources */ = {isa = PBXBuildFile; fileRef = 7A2A9B5128608EED00224E2D /* BlackButton.swift */; };
		7A2A9B5D28608EED00224E2D /* HideNavbarOf.swift in Sources */ = {isa = PBXBuildFile; fileRef = 7A2A9B5228608EED00224E2D /* HideNavbarOf.swift */; };
		7A2A9B5E28608EED00224E2D /* SearchBar.swift in Sources */ = {isa = PBXBuildFile; fileRef = 7A2A9B5328608EED00224E2D /* SearchBar.swift */; };
		7A2A9B5F28608EED00224E2D /* CustomTextField.swift in Sources */ = {isa = PBXBuildFile; fileRef = 7A2A9B5428608EED00224E2D /* CustomTextField.swift */; };
		7A2A9B6028608EED00224E2D /* GSignInViewModel.swift in Sources */ = {isa = PBXBuildFile; fileRef = 7A2A9B5628608EED00224E2D /* GSignInViewModel.swift */; };
		7A2A9B6128608EED00224E2D /* GSignInButton.swift in Sources */ = {isa = PBXBuildFile; fileRef = 7A2A9B5728608EED00224E2D /* GSignInButton.swift */; };
		7A2A9B6228608EED00224E2D /* NavBar.swift in Sources */ = {isa = PBXBuildFile; fileRef = 7A2A9B5828608EED00224E2D /* NavBar.swift */; };
		7A2A9B6328608EED00224E2D /* InstructionText.swift in Sources */ = {isa = PBXBuildFile; fileRef = 7A2A9B5928608EED00224E2D /* InstructionText.swift */; };
		7A2A9B6428608EED00224E2D /* CustomDivider.swift in Sources */ = {isa = PBXBuildFile; fileRef = 7A2A9B5A28608EED00224E2D /* CustomDivider.swift */; };
		7A2A9B6828608F6100224E2D /* LoginView.swift in Sources */ = {isa = PBXBuildFile; fileRef = 7A2A9B6728608F6100224E2D /* LoginView.swift */; };
		7A2A9B6C28608FB100224E2D /* TabBarControllerView.swift in Sources */ = {isa = PBXBuildFile; fileRef = 7A2A9B6A28608FB100224E2D /* TabBarControllerView.swift */; };
		7A2A9B6D28608FB100224E2D /* TabViewsContainer.swift in Sources */ = {isa = PBXBuildFile; fileRef = 7A2A9B6B28608FB100224E2D /* TabViewsContainer.swift */; };
		7A2A9B712860904F00224E2D /* GeneralResponseModel.swift in Sources */ = {isa = PBXBuildFile; fileRef = 7A2A9B6F2860904F00224E2D /* GeneralResponseModel.swift */; };
		7A2A9B722860904F00224E2D /* User.swift in Sources */ = {isa = PBXBuildFile; fileRef = 7A2A9B702860904F00224E2D /* User.swift */; };
		7A2A9B752860907700224E2D /* ProfileView.swift in Sources */ = {isa = PBXBuildFile; fileRef = 7A2A9B742860907700224E2D /* ProfileView.swift */; };
		7A2A9B79286090AC00224E2D /* LoginViewModel.swift in Sources */ = {isa = PBXBuildFile; fileRef = 7A2A9B78286090AC00224E2D /* LoginViewModel.swift */; };
		7A2A9B812860911000224E2D /* SignUpViewModel.swift in Sources */ = {isa = PBXBuildFile; fileRef = 7A2A9B7F2860911000224E2D /* SignUpViewModel.swift */; };
		7A2A9B822860911000224E2D /* SignUpView.swift in Sources */ = {isa = PBXBuildFile; fileRef = 7A2A9B802860911000224E2D /* SignUpView.swift */; };
		7A2A9B97286093EF00224E2D /* Poppins-ExtraLight.ttf in Resources */ = {isa = PBXBuildFile; fileRef = 7A2A9B85286093EF00224E2D /* Poppins-ExtraLight.ttf */; };
		7A2A9B98286093EF00224E2D /* Poppins-ThinItalic.ttf in Resources */ = {isa = PBXBuildFile; fileRef = 7A2A9B86286093EF00224E2D /* Poppins-ThinItalic.ttf */; };
		7A2A9B99286093EF00224E2D /* Poppins-ExtraLightItalic.ttf in Resources */ = {isa = PBXBuildFile; fileRef = 7A2A9B87286093EF00224E2D /* Poppins-ExtraLightItalic.ttf */; };
		7A2A9B9A286093EF00224E2D /* Poppins-BoldItalic.ttf in Resources */ = {isa = PBXBuildFile; fileRef = 7A2A9B88286093EF00224E2D /* Poppins-BoldItalic.ttf */; };
		7A2A9B9B286093EF00224E2D /* Poppins-Light.ttf in Resources */ = {isa = PBXBuildFile; fileRef = 7A2A9B89286093EF00224E2D /* Poppins-Light.ttf */; };
		7A2A9B9C286093EF00224E2D /* Poppins-Medium.ttf in Resources */ = {isa = PBXBuildFile; fileRef = 7A2A9B8A286093EF00224E2D /* Poppins-Medium.ttf */; };
		7A2A9B9D286093EF00224E2D /* Poppins-SemiBoldItalic.ttf in Resources */ = {isa = PBXBuildFile; fileRef = 7A2A9B8B286093EF00224E2D /* Poppins-SemiBoldItalic.ttf */; };
		7A2A9B9E286093EF00224E2D /* Poppins-ExtraBoldItalic.ttf in Resources */ = {isa = PBXBuildFile; fileRef = 7A2A9B8C286093EF00224E2D /* Poppins-ExtraBoldItalic.ttf */; };
		7A2A9B9F286093EF00224E2D /* Poppins-ExtraBold.ttf in Resources */ = {isa = PBXBuildFile; fileRef = 7A2A9B8D286093EF00224E2D /* Poppins-ExtraBold.ttf */; };
		7A2A9BA0286093EF00224E2D /* Poppins-BlackItalic.ttf in Resources */ = {isa = PBXBuildFile; fileRef = 7A2A9B8E286093EF00224E2D /* Poppins-BlackItalic.ttf */; };
		7A2A9BA1286093EF00224E2D /* Poppins-Regular.ttf in Resources */ = {isa = PBXBuildFile; fileRef = 7A2A9B8F286093EF00224E2D /* Poppins-Regular.ttf */; };
		7A2A9BA2286093EF00224E2D /* Poppins-LightItalic.ttf in Resources */ = {isa = PBXBuildFile; fileRef = 7A2A9B90286093EF00224E2D /* Poppins-LightItalic.ttf */; };
		7A2A9BA3286093EF00224E2D /* Poppins-Bold.ttf in Resources */ = {isa = PBXBuildFile; fileRef = 7A2A9B91286093EF00224E2D /* Poppins-Bold.ttf */; };
		7A2A9BA4286093EF00224E2D /* Poppins-Black.ttf in Resources */ = {isa = PBXBuildFile; fileRef = 7A2A9B92286093EF00224E2D /* Poppins-Black.ttf */; };
		7A2A9BA5286093EF00224E2D /* Poppins-Thin.ttf in Resources */ = {isa = PBXBuildFile; fileRef = 7A2A9B93286093EF00224E2D /* Poppins-Thin.ttf */; };
		7A2A9BA6286093EF00224E2D /* Poppins-SemiBold.ttf in Resources */ = {isa = PBXBuildFile; fileRef = 7A2A9B94286093EF00224E2D /* Poppins-SemiBold.ttf */; };
		7A2A9BA7286093EF00224E2D /* Poppins-Italic.ttf in Resources */ = {isa = PBXBuildFile; fileRef = 7A2A9B95286093EF00224E2D /* Poppins-Italic.ttf */; };
		7A2A9BA8286093EF00224E2D /* Poppins-MediumItalic.ttf in Resources */ = {isa = PBXBuildFile; fileRef = 7A2A9B96286093EF00224E2D /* Poppins-MediumItalic.ttf */; };
		7A2B10332872AB44007FBA73 /* BecomeMuftiPersonInfoView.swift in Sources */ = {isa = PBXBuildFile; fileRef = 7A2B10322872AB44007FBA73 /* BecomeMuftiPersonInfoView.swift */; };
		7A2B10352872B2FC007FBA73 /* BecomeMuftiEduView.swift in Sources */ = {isa = PBXBuildFile; fileRef = 7A2B10342872B2FC007FBA73 /* BecomeMuftiEduView.swift */; };
		7A2B10372872B8F2007FBA73 /* ActionableTextField.swift in Sources */ = {isa = PBXBuildFile; fileRef = 7A2B10362872B8F2007FBA73 /* ActionableTextField.swift */; };
		7A2B10392872C359007FBA73 /* DatePickerMLB.swift in Sources */ = {isa = PBXBuildFile; fileRef = 7A2B10382872C359007FBA73 /* DatePickerMLB.swift */; };
		7A2B103B2872D0FF007FBA73 /* BecomeMuftiCategoryView.swift in Sources */ = {isa = PBXBuildFile; fileRef = 7A2B103A2872D0FF007FBA73 /* BecomeMuftiCategoryView.swift */; };
		7A2B103E2872D3BD007FBA73 /* BecomeMuftiViewModel.swift in Sources */ = {isa = PBXBuildFile; fileRef = 7A2B103D2872D3BD007FBA73 /* BecomeMuftiViewModel.swift */; };
		7A2B10412872D4CE007FBA73 /* CategoryRow.swift in Sources */ = {isa = PBXBuildFile; fileRef = 7A2B10402872D4CE007FBA73 /* CategoryRow.swift */; };
		7A2B10432872FAC1007FBA73 /* BecomeMuftiDone.gif in Resources */ = {isa = PBXBuildFile; fileRef = 7A2B10422872FAC1007FBA73 /* BecomeMuftiDone.gif */; };
		7A2B10452872FAEA007FBA73 /* BecomeMuftiSuccessView.swift in Sources */ = {isa = PBXBuildFile; fileRef = 7A2B10442872FAEA007FBA73 /* BecomeMuftiSuccessView.swift */; };
		7A2B10492873010D007FBA73 /* GifImage.swift in Sources */ = {isa = PBXBuildFile; fileRef = 7A2B10482873010D007FBA73 /* GifImage.swift */; };
		7A2FBC132860A89400E3925F /* HomeView.swift in Sources */ = {isa = PBXBuildFile; fileRef = 7A2FBC122860A89400E3925F /* HomeView.swift */; };
		7A2FBC172860A8A800E3925F /* Chat.swift in Sources */ = {isa = PBXBuildFile; fileRef = 7A2FBC162860A8A800E3925F /* Chat.swift */; };
		7A2FBC1A28619B3D00E3925F /* ProfileRow.swift in Sources */ = {isa = PBXBuildFile; fileRef = 7A2FBC1928619B3D00E3925F /* ProfileRow.swift */; };
		7A2FBC1C28619BB500E3925F /* ProfileViewModel.swift in Sources */ = {isa = PBXBuildFile; fileRef = 7A2FBC1B28619BB500E3925F /* ProfileViewModel.swift */; };
		7A4BE579286C85D9006F2A2F /* HomeViewModel.swift in Sources */ = {isa = PBXBuildFile; fileRef = 7A4BE578286C85D9006F2A2F /* HomeViewModel.swift */; };
		7A4F42A028743F5000B10DAC /* QuestionCommentView.swift in Sources */ = {isa = PBXBuildFile; fileRef = 7A4F429F28743F5000B10DAC /* QuestionCommentView.swift */; };
		7A4F42A32874529500B10DAC /* CommentRow.swift in Sources */ = {isa = PBXBuildFile; fileRef = 7A4F42A22874529500B10DAC /* CommentRow.swift */; };
		7A4F42A628745B0E00B10DAC /* QuestionCommentViewModel.swift in Sources */ = {isa = PBXBuildFile; fileRef = 7A4F42A528745B0E00B10DAC /* QuestionCommentViewModel.swift */; };
		7A4F42A928745C9500B10DAC /* CommentModel.swift in Sources */ = {isa = PBXBuildFile; fileRef = 7A4F42A828745C9500B10DAC /* CommentModel.swift */; };
		7A50D0EC286F382E0002A7FD /* QuestionDetailView.swift in Sources */ = {isa = PBXBuildFile; fileRef = 7A50D0EB286F382E0002A7FD /* QuestionDetailView.swift */; };
		7A5BDF102861AC6D001676B4 /* ChangePasswordViewModel.swift in Sources */ = {isa = PBXBuildFile; fileRef = 7A5BDF0E2861AC6D001676B4 /* ChangePasswordViewModel.swift */; };
		7A5BDF112861AC6D001676B4 /* ChangePasswordView.swift in Sources */ = {isa = PBXBuildFile; fileRef = 7A5BDF0F2861AC6D001676B4 /* ChangePasswordView.swift */; };
		7A5BDF152861AC74001676B4 /* ChangeUserNameViewModel.swift in Sources */ = {isa = PBXBuildFile; fileRef = 7A5BDF132861AC74001676B4 /* ChangeUserNameViewModel.swift */; };
		7A5BDF162861AC74001676B4 /* ChangeUserName.swift in Sources */ = {isa = PBXBuildFile; fileRef = 7A5BDF142861AC74001676B4 /* ChangeUserName.swift */; };
		7A5BDF192861B064001676B4 /* GreenButton.swift in Sources */ = {isa = PBXBuildFile; fileRef = 7A5BDF182861B064001676B4 /* GreenButton.swift */; };
		7A5BDF1E2861C7A4001676B4 /* NotificationView.swift in Sources */ = {isa = PBXBuildFile; fileRef = 7A5BDF1D2861C7A4001676B4 /* NotificationView.swift */; };
		7A5BDF222861D1C7001676B4 /* NotificationRow.swift in Sources */ = {isa = PBXBuildFile; fileRef = 7A5BDF212861D1C6001676B4 /* NotificationRow.swift */; };
		7A5BDF252861D800001676B4 /* NotificationViewModel.swift in Sources */ = {isa = PBXBuildFile; fileRef = 7A5BDF242861D800001676B4 /* NotificationViewModel.swift */; };
		7A5BDF282861E669001676B4 /* MyQuriesView.swift in Sources */ = {isa = PBXBuildFile; fileRef = 7A5BDF272861E668001676B4 /* MyQuriesView.swift */; };
		7A5BDF2B2861E69F001676B4 /* MyQueriesViewModel.swift in Sources */ = {isa = PBXBuildFile; fileRef = 7A5BDF2A2861E69F001676B4 /* MyQueriesViewModel.swift */; };
		7A5BDF2E2861E8B1001676B4 /* MyQueryModel.swift in Sources */ = {isa = PBXBuildFile; fileRef = 7A5BDF2D2861E8B1001676B4 /* MyQueryModel.swift */; };
		7A5BDF312861F521001676B4 /* MyQueryRow.swift in Sources */ = {isa = PBXBuildFile; fileRef = 7A5BDF302861F521001676B4 /* MyQueryRow.swift */; };
		7A5BDF33286214CD001676B4 /* RoundedCorner.swift in Sources */ = {isa = PBXBuildFile; fileRef = 7A5BDF32286214CD001676B4 /* RoundedCorner.swift */; };
		7A5BDF3528644EB7001676B4 /* AsyncImageMLB.swift in Sources */ = {isa = PBXBuildFile; fileRef = 7A5BDF3428644EB7001676B4 /* AsyncImageMLB.swift */; };
		7A5BDF3A28645607001676B4 /* MeetingView.swift in Sources */ = {isa = PBXBuildFile; fileRef = 7A5BDF3928645607001676B4 /* MeetingView.swift */; };
		7A5BDF3C2864583E001676B4 /* MeetingRow.swift in Sources */ = {isa = PBXBuildFile; fileRef = 7A5BDF3B2864583E001676B4 /* MeetingRow.swift */; };
		7A5BDF3E28646342001676B4 /* MeetingViewModel.swift in Sources */ = {isa = PBXBuildFile; fileRef = 7A5BDF3D28646342001676B4 /* MeetingViewModel.swift */; };
		7A5BDF42286465FA001676B4 /* ForgotEmailView.swift in Sources */ = {isa = PBXBuildFile; fileRef = 7A5BDF41286465FA001676B4 /* ForgotEmailView.swift */; };
		7A5BDF452864667C001676B4 /* ForgotEmailViewModel.swift in Sources */ = {isa = PBXBuildFile; fileRef = 7A5BDF442864667C001676B4 /* ForgotEmailViewModel.swift */; };
		7A5BDF4828646A76001676B4 /* OTPView.swift in Sources */ = {isa = PBXBuildFile; fileRef = 7A5BDF4728646A76001676B4 /* OTPView.swift */; };
		7A5BDF4B28646ADA001676B4 /* OTPViewModel.swift in Sources */ = {isa = PBXBuildFile; fileRef = 7A5BDF4A28646ADA001676B4 /* OTPViewModel.swift */; };
		7A5BDF4E28648418001676B4 /* CreateNewPasswordView.swift in Sources */ = {isa = PBXBuildFile; fileRef = 7A5BDF4D28648418001676B4 /* CreateNewPasswordView.swift */; };
		7A5BDF5128648C39001676B4 /* CreateNewPasswordViewModel.swift in Sources */ = {isa = PBXBuildFile; fileRef = 7A5BDF5028648C39001676B4 /* CreateNewPasswordViewModel.swift */; };
		7A5BDF5328649DD7001676B4 /* MeetingModel.swift in Sources */ = {isa = PBXBuildFile; fileRef = 7A5BDF5228649DD7001676B4 /* MeetingModel.swift */; };
		7A5CA7C3286D7963007B843A /* QuestionCardView.swift in Sources */ = {isa = PBXBuildFile; fileRef = 7A5CA7C2286D7963007B843A /* QuestionCardView.swift */; };
		7A5EEFBE286EF9340095FF3A /* HomeModel.swift in Sources */ = {isa = PBXBuildFile; fileRef = 7A5EEFBD286EF9340095FF3A /* HomeModel.swift */; };
		7A6A7F5D286C664D000461B1 /* AskQuestionModel.swift in Sources */ = {isa = PBXBuildFile; fileRef = 7A6A7F5C286C664D000461B1 /* AskQuestionModel.swift */; };
		7AA1AD4D2869AEC200ADF2CA /* AskQuestionView.swift in Sources */ = {isa = PBXBuildFile; fileRef = 7AA1AD4C2869AEC200ADF2CA /* AskQuestionView.swift */; };
		7AA1AD512869AF6200ADF2CA /* AskQuestionViewModel.swift in Sources */ = {isa = PBXBuildFile; fileRef = 7AA1AD502869AF6200ADF2CA /* AskQuestionViewModel.swift */; };
		7AA1AD532869B9F200ADF2CA /* DropDownBtn.swift in Sources */ = {isa = PBXBuildFile; fileRef = 7AA1AD522869B9F200ADF2CA /* DropDownBtn.swift */; };
		7AA1AD562869D0D900ADF2CA /* FilterView.swift in Sources */ = {isa = PBXBuildFile; fileRef = 7AA1AD552869D0D900ADF2CA /* FilterView.swift */; };
		7AA1AD592869D83A00ADF2CA /* FilterViewModel.swift in Sources */ = {isa = PBXBuildFile; fileRef = 7AA1AD582869D83A00ADF2CA /* FilterViewModel.swift */; };
		7AB53ECC287328E7009F9A04 /* PostQuestionView.swift in Sources */ = {isa = PBXBuildFile; fileRef = 7AB53ECB287328E7009F9A04 /* PostQuestionView.swift */; };
		7AB53ECE2873FE10009F9A04 /* MovetoNextRow.swift in Sources */ = {isa = PBXBuildFile; fileRef = 7AB53ECD2873FE10009F9A04 /* MovetoNextRow.swift */; };
		7AB53ED02874033B009F9A04 /* CategoryListView.swift in Sources */ = {isa = PBXBuildFile; fileRef = 7AB53ECF2874033B009F9A04 /* CategoryListView.swift */; };
		7AB53ED228740BB9009F9A04 /* TestView.swift in Sources */ = {isa = PBXBuildFile; fileRef = 7AB53ED128740BB9009F9A04 /* TestView.swift */; };
		7AB53ED428741353009F9A04 /* TimeLimitPicker.swift in Sources */ = {isa = PBXBuildFile; fileRef = 7AB53ED328741353009F9A04 /* TimeLimitPicker.swift */; };
		7AB53ED7287423EC009F9A04 /* PostQuestionModel.swift in Sources */ = {isa = PBXBuildFile; fileRef = 7AB53ED6287423EC009F9A04 /* PostQuestionModel.swift */; };
		7AB53EDA287427BB009F9A04 /* SplashView.swift in Sources */ = {isa = PBXBuildFile; fileRef = 7AB53ED9287427BA009F9A04 /* SplashView.swift */; };
		7AD24D002865869B0056EE6D /* PrivacyPolicyView.swift in Sources */ = {isa = PBXBuildFile; fileRef = 7AD24CFF2865869B0056EE6D /* PrivacyPolicyView.swift */; };
		7AD24D0328658CFE0056EE6D /* HelpView.swift in Sources */ = {isa = PBXBuildFile; fileRef = 7AD24D0228658CFE0056EE6D /* HelpView.swift */; };
		7AD24D0628658D150056EE6D /* HelpViewModel.swift in Sources */ = {isa = PBXBuildFile; fileRef = 7AD24D0528658D150056EE6D /* HelpViewModel.swift */; };
		7AD24D09286597560056EE6D /* ActivityViewController.swift in Sources */ = {isa = PBXBuildFile; fileRef = 7AD24D08286597560056EE6D /* ActivityViewController.swift */; };
		7AD24D0C2865C71F0056EE6D /* HistoryView.swift in Sources */ = {isa = PBXBuildFile; fileRef = 7AD24D0B2865C71F0056EE6D /* HistoryView.swift */; };
		7AD24D102865C7630056EE6D /* HistoryViewModel.swift in Sources */ = {isa = PBXBuildFile; fileRef = 7AD24D0F2865C7630056EE6D /* HistoryViewModel.swift */; };
		7AD24D132865C7EA0056EE6D /* HistoryModel.swift in Sources */ = {isa = PBXBuildFile; fileRef = 7AD24D122865C7EA0056EE6D /* HistoryModel.swift */; };
		7AD24D162865C9E20056EE6D /* HistoryRow.swift in Sources */ = {isa = PBXBuildFile; fileRef = 7AD24D152865C9E20056EE6D /* HistoryRow.swift */; };
		7AD24D1B2865DB2F0056EE6D /* MuftiRow.swift in Sources */ = {isa = PBXBuildFile; fileRef = 7AD24D1A2865DB2F0056EE6D /* MuftiRow.swift */; };
		7AD24D1F2865DFFE0056EE6D /* MuftiModel.swift in Sources */ = {isa = PBXBuildFile; fileRef = 7AD24D1E2865DFFE0056EE6D /* MuftiModel.swift */; };
/* End PBXBuildFile section */

/* Begin PBXFileReference section */
		7A0CBFC72873253500101B0B /* PostQuestionViewModel.swift */ = {isa = PBXFileReference; lastKnownFileType = sourcecode.swift; path = PostQuestionViewModel.swift; sourceTree = "<group>"; };
		7A11A00E287592620099364A /* AllQuestionView.swift */ = {isa = PBXFileReference; lastKnownFileType = sourcecode.swift; path = AllQuestionView.swift; sourceTree = "<group>"; };
		7A11A0112875952C0099364A /* WhiteQuestionCardView.swift */ = {isa = PBXFileReference; lastKnownFileType = sourcecode.swift; path = WhiteQuestionCardView.swift; sourceTree = "<group>"; };
		7A11A0132875BE980099364A /* SeeAllCommentsView.swift */ = {isa = PBXFileReference; lastKnownFileType = sourcecode.swift; path = SeeAllCommentsView.swift; sourceTree = "<group>"; };
		7A2A9B1528608DF900224E2D /* myMufti.app */ = {isa = PBXFileReference; explicitFileType = wrapper.application; includeInIndex = 0; path = myMufti.app; sourceTree = BUILT_PRODUCTS_DIR; };
		7A2A9B1828608DF900224E2D /* myMuftiApp.swift */ = {isa = PBXFileReference; lastKnownFileType = sourcecode.swift; path = myMuftiApp.swift; sourceTree = "<group>"; };
		7A2A9B1A28608DF900224E2D /* ContentView.swift */ = {isa = PBXFileReference; lastKnownFileType = sourcecode.swift; path = ContentView.swift; sourceTree = "<group>"; };
		7A2A9B1C28608DFD00224E2D /* Assets.xcassets */ = {isa = PBXFileReference; lastKnownFileType = folder.assetcatalog; path = Assets.xcassets; sourceTree = "<group>"; };
		7A2A9B1F28608DFD00224E2D /* Preview Assets.xcassets */ = {isa = PBXFileReference; lastKnownFileType = folder.assetcatalog; path = "Preview Assets.xcassets"; sourceTree = "<group>"; };
		7A2A9B2828608E5800224E2D /* UserDefaultManager.swift */ = {isa = PBXFileReference; fileEncoding = 4; lastKnownFileType = sourcecode.swift; path = UserDefaultManager.swift; sourceTree = "<group>"; };
		7A2A9B2A28608E5800224E2D /* ImagePicker.swift */ = {isa = PBXFileReference; fileEncoding = 4; lastKnownFileType = sourcecode.swift; path = ImagePicker.swift; sourceTree = "<group>"; };
		7A2A9B2C28608E5800224E2D /* NetworkManager.swift */ = {isa = PBXFileReference; fileEncoding = 4; lastKnownFileType = sourcecode.swift; path = NetworkManager.swift; sourceTree = "<group>"; };
		7A2A9B2E28608E5800224E2D /* DateManager.swift */ = {isa = PBXFileReference; fileEncoding = 4; lastKnownFileType = sourcecode.swift; path = DateManager.swift; sourceTree = "<group>"; };
		7A2A9B3028608E5800224E2D /* ColorExtension.swift */ = {isa = PBXFileReference; fileEncoding = 4; lastKnownFileType = sourcecode.swift; path = ColorExtension.swift; sourceTree = "<group>"; };
		7A2A9B3228608E5800224E2D /* AlignmentExt.swift */ = {isa = PBXFileReference; fileEncoding = 4; lastKnownFileType = sourcecode.swift; path = AlignmentExt.swift; sourceTree = "<group>"; };
		7A2A9B3328608E5800224E2D /* TFPlaceHolderExtension.swift */ = {isa = PBXFileReference; fileEncoding = 4; lastKnownFileType = sourcecode.swift; path = TFPlaceHolderExtension.swift; sourceTree = "<group>"; };
		7A2A9B3428608E5800224E2D /* UIImageExt.swift */ = {isa = PBXFileReference; fileEncoding = 4; lastKnownFileType = sourcecode.swift; path = UIImageExt.swift; sourceTree = "<group>"; };
		7A2A9B3628608E5900224E2D /* Constants.swift */ = {isa = PBXFileReference; fileEncoding = 4; lastKnownFileType = sourcecode.swift; path = Constants.swift; sourceTree = "<group>"; };
		7A2A9B3728608E5900224E2D /* Validators.swift */ = {isa = PBXFileReference; fileEncoding = 4; lastKnownFileType = sourcecode.swift; path = Validators.swift; sourceTree = "<group>"; };
		7A2A9B5028608EED00224E2D /* LoginInHeaderView.swift */ = {isa = PBXFileReference; fileEncoding = 4; lastKnownFileType = sourcecode.swift; path = LoginInHeaderView.swift; sourceTree = "<group>"; };
		7A2A9B5128608EED00224E2D /* BlackButton.swift */ = {isa = PBXFileReference; fileEncoding = 4; lastKnownFileType = sourcecode.swift; path = BlackButton.swift; sourceTree = "<group>"; };
		7A2A9B5228608EED00224E2D /* HideNavbarOf.swift */ = {isa = PBXFileReference; fileEncoding = 4; lastKnownFileType = sourcecode.swift; path = HideNavbarOf.swift; sourceTree = "<group>"; };
		7A2A9B5328608EED00224E2D /* SearchBar.swift */ = {isa = PBXFileReference; fileEncoding = 4; lastKnownFileType = sourcecode.swift; path = SearchBar.swift; sourceTree = "<group>"; };
		7A2A9B5428608EED00224E2D /* CustomTextField.swift */ = {isa = PBXFileReference; fileEncoding = 4; lastKnownFileType = sourcecode.swift; path = CustomTextField.swift; sourceTree = "<group>"; };
		7A2A9B5628608EED00224E2D /* GSignInViewModel.swift */ = {isa = PBXFileReference; fileEncoding = 4; lastKnownFileType = sourcecode.swift; path = GSignInViewModel.swift; sourceTree = "<group>"; };
		7A2A9B5728608EED00224E2D /* GSignInButton.swift */ = {isa = PBXFileReference; fileEncoding = 4; lastKnownFileType = sourcecode.swift; path = GSignInButton.swift; sourceTree = "<group>"; };
		7A2A9B5828608EED00224E2D /* NavBar.swift */ = {isa = PBXFileReference; fileEncoding = 4; lastKnownFileType = sourcecode.swift; path = NavBar.swift; sourceTree = "<group>"; };
		7A2A9B5928608EED00224E2D /* InstructionText.swift */ = {isa = PBXFileReference; fileEncoding = 4; lastKnownFileType = sourcecode.swift; path = InstructionText.swift; sourceTree = "<group>"; };
		7A2A9B5A28608EED00224E2D /* CustomDivider.swift */ = {isa = PBXFileReference; fileEncoding = 4; lastKnownFileType = sourcecode.swift; path = CustomDivider.swift; sourceTree = "<group>"; };
		7A2A9B6728608F6100224E2D /* LoginView.swift */ = {isa = PBXFileReference; lastKnownFileType = sourcecode.swift; path = LoginView.swift; sourceTree = "<group>"; };
		7A2A9B6A28608FB100224E2D /* TabBarControllerView.swift */ = {isa = PBXFileReference; fileEncoding = 4; lastKnownFileType = sourcecode.swift; path = TabBarControllerView.swift; sourceTree = "<group>"; };
		7A2A9B6B28608FB100224E2D /* TabViewsContainer.swift */ = {isa = PBXFileReference; fileEncoding = 4; lastKnownFileType = sourcecode.swift; path = TabViewsContainer.swift; sourceTree = "<group>"; };
		7A2A9B6F2860904F00224E2D /* GeneralResponseModel.swift */ = {isa = PBXFileReference; fileEncoding = 4; lastKnownFileType = sourcecode.swift; path = GeneralResponseModel.swift; sourceTree = "<group>"; };
		7A2A9B702860904F00224E2D /* User.swift */ = {isa = PBXFileReference; fileEncoding = 4; lastKnownFileType = sourcecode.swift; path = User.swift; sourceTree = "<group>"; };
		7A2A9B742860907700224E2D /* ProfileView.swift */ = {isa = PBXFileReference; lastKnownFileType = sourcecode.swift; path = ProfileView.swift; sourceTree = "<group>"; };
		7A2A9B78286090AC00224E2D /* LoginViewModel.swift */ = {isa = PBXFileReference; fileEncoding = 4; lastKnownFileType = sourcecode.swift; path = LoginViewModel.swift; sourceTree = "<group>"; };
		7A2A9B7F2860911000224E2D /* SignUpViewModel.swift */ = {isa = PBXFileReference; fileEncoding = 4; lastKnownFileType = sourcecode.swift; path = SignUpViewModel.swift; sourceTree = "<group>"; };
		7A2A9B802860911000224E2D /* SignUpView.swift */ = {isa = PBXFileReference; fileEncoding = 4; lastKnownFileType = sourcecode.swift; path = SignUpView.swift; sourceTree = "<group>"; };
		7A2A9B85286093EF00224E2D /* Poppins-ExtraLight.ttf */ = {isa = PBXFileReference; lastKnownFileType = file; path = "Poppins-ExtraLight.ttf"; sourceTree = "<group>"; };
		7A2A9B86286093EF00224E2D /* Poppins-ThinItalic.ttf */ = {isa = PBXFileReference; lastKnownFileType = file; path = "Poppins-ThinItalic.ttf"; sourceTree = "<group>"; };
		7A2A9B87286093EF00224E2D /* Poppins-ExtraLightItalic.ttf */ = {isa = PBXFileReference; lastKnownFileType = file; path = "Poppins-ExtraLightItalic.ttf"; sourceTree = "<group>"; };
		7A2A9B88286093EF00224E2D /* Poppins-BoldItalic.ttf */ = {isa = PBXFileReference; lastKnownFileType = file; path = "Poppins-BoldItalic.ttf"; sourceTree = "<group>"; };
		7A2A9B89286093EF00224E2D /* Poppins-Light.ttf */ = {isa = PBXFileReference; lastKnownFileType = file; path = "Poppins-Light.ttf"; sourceTree = "<group>"; };
		7A2A9B8A286093EF00224E2D /* Poppins-Medium.ttf */ = {isa = PBXFileReference; lastKnownFileType = file; path = "Poppins-Medium.ttf"; sourceTree = "<group>"; };
		7A2A9B8B286093EF00224E2D /* Poppins-SemiBoldItalic.ttf */ = {isa = PBXFileReference; lastKnownFileType = file; path = "Poppins-SemiBoldItalic.ttf"; sourceTree = "<group>"; };
		7A2A9B8C286093EF00224E2D /* Poppins-ExtraBoldItalic.ttf */ = {isa = PBXFileReference; lastKnownFileType = file; path = "Poppins-ExtraBoldItalic.ttf"; sourceTree = "<group>"; };
		7A2A9B8D286093EF00224E2D /* Poppins-ExtraBold.ttf */ = {isa = PBXFileReference; lastKnownFileType = file; path = "Poppins-ExtraBold.ttf"; sourceTree = "<group>"; };
		7A2A9B8E286093EF00224E2D /* Poppins-BlackItalic.ttf */ = {isa = PBXFileReference; lastKnownFileType = file; path = "Poppins-BlackItalic.ttf"; sourceTree = "<group>"; };
		7A2A9B8F286093EF00224E2D /* Poppins-Regular.ttf */ = {isa = PBXFileReference; lastKnownFileType = file; path = "Poppins-Regular.ttf"; sourceTree = "<group>"; };
		7A2A9B90286093EF00224E2D /* Poppins-LightItalic.ttf */ = {isa = PBXFileReference; lastKnownFileType = file; path = "Poppins-LightItalic.ttf"; sourceTree = "<group>"; };
		7A2A9B91286093EF00224E2D /* Poppins-Bold.ttf */ = {isa = PBXFileReference; lastKnownFileType = file; path = "Poppins-Bold.ttf"; sourceTree = "<group>"; };
		7A2A9B92286093EF00224E2D /* Poppins-Black.ttf */ = {isa = PBXFileReference; lastKnownFileType = file; path = "Poppins-Black.ttf"; sourceTree = "<group>"; };
		7A2A9B93286093EF00224E2D /* Poppins-Thin.ttf */ = {isa = PBXFileReference; lastKnownFileType = file; path = "Poppins-Thin.ttf"; sourceTree = "<group>"; };
		7A2A9B94286093EF00224E2D /* Poppins-SemiBold.ttf */ = {isa = PBXFileReference; lastKnownFileType = file; path = "Poppins-SemiBold.ttf"; sourceTree = "<group>"; };
		7A2A9B95286093EF00224E2D /* Poppins-Italic.ttf */ = {isa = PBXFileReference; lastKnownFileType = file; path = "Poppins-Italic.ttf"; sourceTree = "<group>"; };
		7A2A9B96286093EF00224E2D /* Poppins-MediumItalic.ttf */ = {isa = PBXFileReference; lastKnownFileType = file; path = "Poppins-MediumItalic.ttf"; sourceTree = "<group>"; };
		7A2A9BA92860942C00224E2D /* Info.plist */ = {isa = PBXFileReference; lastKnownFileType = text.plist; path = Info.plist; sourceTree = "<group>"; };
		7A2B10322872AB44007FBA73 /* BecomeMuftiPersonInfoView.swift */ = {isa = PBXFileReference; lastKnownFileType = sourcecode.swift; path = BecomeMuftiPersonInfoView.swift; sourceTree = "<group>"; };
		7A2B10342872B2FC007FBA73 /* BecomeMuftiEduView.swift */ = {isa = PBXFileReference; lastKnownFileType = sourcecode.swift; path = BecomeMuftiEduView.swift; sourceTree = "<group>"; };
		7A2B10362872B8F2007FBA73 /* ActionableTextField.swift */ = {isa = PBXFileReference; lastKnownFileType = sourcecode.swift; path = ActionableTextField.swift; sourceTree = "<group>"; };
		7A2B10382872C359007FBA73 /* DatePickerMLB.swift */ = {isa = PBXFileReference; lastKnownFileType = sourcecode.swift; path = DatePickerMLB.swift; sourceTree = "<group>"; };
		7A2B103A2872D0FF007FBA73 /* BecomeMuftiCategoryView.swift */ = {isa = PBXFileReference; lastKnownFileType = sourcecode.swift; path = BecomeMuftiCategoryView.swift; sourceTree = "<group>"; };
		7A2B103D2872D3BD007FBA73 /* BecomeMuftiViewModel.swift */ = {isa = PBXFileReference; lastKnownFileType = sourcecode.swift; path = BecomeMuftiViewModel.swift; sourceTree = "<group>"; };
		7A2B10402872D4CE007FBA73 /* CategoryRow.swift */ = {isa = PBXFileReference; lastKnownFileType = sourcecode.swift; path = CategoryRow.swift; sourceTree = "<group>"; };
		7A2B10422872FAC1007FBA73 /* BecomeMuftiDone.gif */ = {isa = PBXFileReference; lastKnownFileType = image.gif; path = BecomeMuftiDone.gif; sourceTree = "<group>"; };
		7A2B10442872FAEA007FBA73 /* BecomeMuftiSuccessView.swift */ = {isa = PBXFileReference; lastKnownFileType = sourcecode.swift; path = BecomeMuftiSuccessView.swift; sourceTree = "<group>"; };
		7A2B10482873010D007FBA73 /* GifImage.swift */ = {isa = PBXFileReference; lastKnownFileType = sourcecode.swift; path = GifImage.swift; sourceTree = "<group>"; };
		7A2FBC122860A89400E3925F /* HomeView.swift */ = {isa = PBXFileReference; lastKnownFileType = sourcecode.swift; path = HomeView.swift; sourceTree = "<group>"; };
		7A2FBC162860A8A800E3925F /* Chat.swift */ = {isa = PBXFileReference; lastKnownFileType = sourcecode.swift; path = Chat.swift; sourceTree = "<group>"; };
		7A2FBC1928619B3D00E3925F /* ProfileRow.swift */ = {isa = PBXFileReference; fileEncoding = 4; lastKnownFileType = sourcecode.swift; path = ProfileRow.swift; sourceTree = "<group>"; };
		7A2FBC1B28619BB500E3925F /* ProfileViewModel.swift */ = {isa = PBXFileReference; fileEncoding = 4; lastKnownFileType = sourcecode.swift; path = ProfileViewModel.swift; sourceTree = "<group>"; };
		7A4BE578286C85D9006F2A2F /* HomeViewModel.swift */ = {isa = PBXFileReference; lastKnownFileType = sourcecode.swift; path = HomeViewModel.swift; sourceTree = "<group>"; };
		7A4F429F28743F5000B10DAC /* QuestionCommentView.swift */ = {isa = PBXFileReference; lastKnownFileType = sourcecode.swift; path = QuestionCommentView.swift; sourceTree = "<group>"; };
		7A4F42A22874529500B10DAC /* CommentRow.swift */ = {isa = PBXFileReference; lastKnownFileType = sourcecode.swift; path = CommentRow.swift; sourceTree = "<group>"; };
		7A4F42A528745B0E00B10DAC /* QuestionCommentViewModel.swift */ = {isa = PBXFileReference; lastKnownFileType = sourcecode.swift; path = QuestionCommentViewModel.swift; sourceTree = "<group>"; };
		7A4F42A828745C9500B10DAC /* CommentModel.swift */ = {isa = PBXFileReference; lastKnownFileType = sourcecode.swift; path = CommentModel.swift; sourceTree = "<group>"; };
		7A50D0EB286F382E0002A7FD /* QuestionDetailView.swift */ = {isa = PBXFileReference; lastKnownFileType = sourcecode.swift; path = QuestionDetailView.swift; sourceTree = "<group>"; };
		7A5BDF0E2861AC6D001676B4 /* ChangePasswordViewModel.swift */ = {isa = PBXFileReference; fileEncoding = 4; lastKnownFileType = sourcecode.swift; path = ChangePasswordViewModel.swift; sourceTree = "<group>"; };
		7A5BDF0F2861AC6D001676B4 /* ChangePasswordView.swift */ = {isa = PBXFileReference; fileEncoding = 4; lastKnownFileType = sourcecode.swift; path = ChangePasswordView.swift; sourceTree = "<group>"; };
		7A5BDF132861AC74001676B4 /* ChangeUserNameViewModel.swift */ = {isa = PBXFileReference; fileEncoding = 4; lastKnownFileType = sourcecode.swift; path = ChangeUserNameViewModel.swift; sourceTree = "<group>"; };
		7A5BDF142861AC74001676B4 /* ChangeUserName.swift */ = {isa = PBXFileReference; fileEncoding = 4; lastKnownFileType = sourcecode.swift; path = ChangeUserName.swift; sourceTree = "<group>"; };
		7A5BDF182861B064001676B4 /* GreenButton.swift */ = {isa = PBXFileReference; fileEncoding = 4; lastKnownFileType = sourcecode.swift; path = GreenButton.swift; sourceTree = "<group>"; };
		7A5BDF1D2861C7A4001676B4 /* NotificationView.swift */ = {isa = PBXFileReference; lastKnownFileType = sourcecode.swift; path = NotificationView.swift; sourceTree = "<group>"; };
		7A5BDF212861D1C6001676B4 /* NotificationRow.swift */ = {isa = PBXFileReference; lastKnownFileType = sourcecode.swift; path = NotificationRow.swift; sourceTree = "<group>"; };
		7A5BDF242861D800001676B4 /* NotificationViewModel.swift */ = {isa = PBXFileReference; lastKnownFileType = sourcecode.swift; path = NotificationViewModel.swift; sourceTree = "<group>"; };
		7A5BDF272861E668001676B4 /* MyQuriesView.swift */ = {isa = PBXFileReference; lastKnownFileType = sourcecode.swift; path = MyQuriesView.swift; sourceTree = "<group>"; };
		7A5BDF2A2861E69F001676B4 /* MyQueriesViewModel.swift */ = {isa = PBXFileReference; lastKnownFileType = sourcecode.swift; path = MyQueriesViewModel.swift; sourceTree = "<group>"; };
		7A5BDF2D2861E8B1001676B4 /* MyQueryModel.swift */ = {isa = PBXFileReference; lastKnownFileType = sourcecode.swift; path = MyQueryModel.swift; sourceTree = "<group>"; };
		7A5BDF302861F521001676B4 /* MyQueryRow.swift */ = {isa = PBXFileReference; lastKnownFileType = sourcecode.swift; path = MyQueryRow.swift; sourceTree = "<group>"; };
		7A5BDF32286214CD001676B4 /* RoundedCorner.swift */ = {isa = PBXFileReference; lastKnownFileType = sourcecode.swift; path = RoundedCorner.swift; sourceTree = "<group>"; };
		7A5BDF3428644EB7001676B4 /* AsyncImageMLB.swift */ = {isa = PBXFileReference; lastKnownFileType = sourcecode.swift; path = AsyncImageMLB.swift; sourceTree = "<group>"; };
		7A5BDF3928645607001676B4 /* MeetingView.swift */ = {isa = PBXFileReference; lastKnownFileType = sourcecode.swift; path = MeetingView.swift; sourceTree = "<group>"; };
		7A5BDF3B2864583E001676B4 /* MeetingRow.swift */ = {isa = PBXFileReference; lastKnownFileType = sourcecode.swift; path = MeetingRow.swift; sourceTree = "<group>"; };
		7A5BDF3D28646342001676B4 /* MeetingViewModel.swift */ = {isa = PBXFileReference; lastKnownFileType = sourcecode.swift; path = MeetingViewModel.swift; sourceTree = "<group>"; };
		7A5BDF41286465FA001676B4 /* ForgotEmailView.swift */ = {isa = PBXFileReference; lastKnownFileType = sourcecode.swift; path = ForgotEmailView.swift; sourceTree = "<group>"; };
		7A5BDF442864667C001676B4 /* ForgotEmailViewModel.swift */ = {isa = PBXFileReference; lastKnownFileType = sourcecode.swift; path = ForgotEmailViewModel.swift; sourceTree = "<group>"; };
		7A5BDF4728646A76001676B4 /* OTPView.swift */ = {isa = PBXFileReference; lastKnownFileType = sourcecode.swift; path = OTPView.swift; sourceTree = "<group>"; };
		7A5BDF4A28646ADA001676B4 /* OTPViewModel.swift */ = {isa = PBXFileReference; lastKnownFileType = sourcecode.swift; path = OTPViewModel.swift; sourceTree = "<group>"; };
		7A5BDF4D28648418001676B4 /* CreateNewPasswordView.swift */ = {isa = PBXFileReference; lastKnownFileType = sourcecode.swift; path = CreateNewPasswordView.swift; sourceTree = "<group>"; };
		7A5BDF5028648C39001676B4 /* CreateNewPasswordViewModel.swift */ = {isa = PBXFileReference; lastKnownFileType = sourcecode.swift; path = CreateNewPasswordViewModel.swift; sourceTree = "<group>"; };
		7A5BDF5228649DD7001676B4 /* MeetingModel.swift */ = {isa = PBXFileReference; lastKnownFileType = sourcecode.swift; path = MeetingModel.swift; sourceTree = "<group>"; };
		7A5CA7C2286D7963007B843A /* QuestionCardView.swift */ = {isa = PBXFileReference; lastKnownFileType = sourcecode.swift; path = QuestionCardView.swift; sourceTree = "<group>"; };
		7A5EEFBD286EF9340095FF3A /* HomeModel.swift */ = {isa = PBXFileReference; lastKnownFileType = sourcecode.swift; path = HomeModel.swift; sourceTree = "<group>"; };
		7A6A7F5C286C664D000461B1 /* AskQuestionModel.swift */ = {isa = PBXFileReference; lastKnownFileType = sourcecode.swift; path = AskQuestionModel.swift; sourceTree = "<group>"; };
		7AA1AD4C2869AEC200ADF2CA /* AskQuestionView.swift */ = {isa = PBXFileReference; lastKnownFileType = sourcecode.swift; path = AskQuestionView.swift; sourceTree = "<group>"; };
		7AA1AD502869AF6200ADF2CA /* AskQuestionViewModel.swift */ = {isa = PBXFileReference; lastKnownFileType = sourcecode.swift; path = AskQuestionViewModel.swift; sourceTree = "<group>"; };
		7AA1AD522869B9F200ADF2CA /* DropDownBtn.swift */ = {isa = PBXFileReference; lastKnownFileType = sourcecode.swift; path = DropDownBtn.swift; sourceTree = "<group>"; };
		7AA1AD552869D0D900ADF2CA /* FilterView.swift */ = {isa = PBXFileReference; lastKnownFileType = sourcecode.swift; path = FilterView.swift; sourceTree = "<group>"; };
		7AA1AD582869D83A00ADF2CA /* FilterViewModel.swift */ = {isa = PBXFileReference; lastKnownFileType = sourcecode.swift; path = FilterViewModel.swift; sourceTree = "<group>"; };
		7AB53ECB287328E7009F9A04 /* PostQuestionView.swift */ = {isa = PBXFileReference; lastKnownFileType = sourcecode.swift; path = PostQuestionView.swift; sourceTree = "<group>"; };
		7AB53ECD2873FE10009F9A04 /* MovetoNextRow.swift */ = {isa = PBXFileReference; lastKnownFileType = sourcecode.swift; path = MovetoNextRow.swift; sourceTree = "<group>"; };
		7AB53ECF2874033B009F9A04 /* CategoryListView.swift */ = {isa = PBXFileReference; lastKnownFileType = sourcecode.swift; path = CategoryListView.swift; sourceTree = "<group>"; };
		7AB53ED128740BB9009F9A04 /* TestView.swift */ = {isa = PBXFileReference; lastKnownFileType = sourcecode.swift; path = TestView.swift; sourceTree = "<group>"; };
		7AB53ED328741353009F9A04 /* TimeLimitPicker.swift */ = {isa = PBXFileReference; lastKnownFileType = sourcecode.swift; path = TimeLimitPicker.swift; sourceTree = "<group>"; };
		7AB53ED6287423EC009F9A04 /* PostQuestionModel.swift */ = {isa = PBXFileReference; lastKnownFileType = sourcecode.swift; path = PostQuestionModel.swift; sourceTree = "<group>"; };
		7AB53ED9287427BA009F9A04 /* SplashView.swift */ = {isa = PBXFileReference; lastKnownFileType = sourcecode.swift; path = SplashView.swift; sourceTree = "<group>"; };
		7AD24CFF2865869B0056EE6D /* PrivacyPolicyView.swift */ = {isa = PBXFileReference; lastKnownFileType = sourcecode.swift; path = PrivacyPolicyView.swift; sourceTree = "<group>"; };
		7AD24D0228658CFE0056EE6D /* HelpView.swift */ = {isa = PBXFileReference; lastKnownFileType = sourcecode.swift; path = HelpView.swift; sourceTree = "<group>"; };
		7AD24D0528658D150056EE6D /* HelpViewModel.swift */ = {isa = PBXFileReference; lastKnownFileType = sourcecode.swift; path = HelpViewModel.swift; sourceTree = "<group>"; };
		7AD24D08286597560056EE6D /* ActivityViewController.swift */ = {isa = PBXFileReference; lastKnownFileType = sourcecode.swift; path = ActivityViewController.swift; sourceTree = "<group>"; };
		7AD24D0B2865C71F0056EE6D /* HistoryView.swift */ = {isa = PBXFileReference; lastKnownFileType = sourcecode.swift; path = HistoryView.swift; sourceTree = "<group>"; };
		7AD24D0F2865C7630056EE6D /* HistoryViewModel.swift */ = {isa = PBXFileReference; lastKnownFileType = sourcecode.swift; path = HistoryViewModel.swift; sourceTree = "<group>"; };
		7AD24D122865C7EA0056EE6D /* HistoryModel.swift */ = {isa = PBXFileReference; lastKnownFileType = sourcecode.swift; path = HistoryModel.swift; sourceTree = "<group>"; };
		7AD24D152865C9E20056EE6D /* HistoryRow.swift */ = {isa = PBXFileReference; lastKnownFileType = sourcecode.swift; path = HistoryRow.swift; sourceTree = "<group>"; };
		7AD24D1A2865DB2F0056EE6D /* MuftiRow.swift */ = {isa = PBXFileReference; lastKnownFileType = sourcecode.swift; path = MuftiRow.swift; sourceTree = "<group>"; };
		7AD24D1E2865DFFE0056EE6D /* MuftiModel.swift */ = {isa = PBXFileReference; lastKnownFileType = sourcecode.swift; path = MuftiModel.swift; sourceTree = "<group>"; };
/* End PBXFileReference section */

/* Begin PBXFrameworksBuildPhase section */
		7A2A9B1228608DF900224E2D /* Frameworks */ = {
			isa = PBXFrameworksBuildPhase;
			buildActionMask = 2147483647;
			files = (
				7A2A9B4C28608EAD00224E2D /* SwiftSpinner in Frameworks */,
				7A2A9B4928608E8D00224E2D /* GoogleSignInSwift in Frameworks */,
				7A2A9B4428608E6C00224E2D /* Alamofire in Frameworks */,
				7A2A9B4728608E8D00224E2D /* GoogleSignIn in Frameworks */,
			);
			runOnlyForDeploymentPostprocessing = 0;
		};
/* End PBXFrameworksBuildPhase section */

/* Begin PBXGroup section */
		7A0CBFC32873249000101B0B /* PostQuestion */ = {
			isa = PBXGroup;
			children = (
				7AB53ED5287423DF009F9A04 /* Model */,
				7A0CBFC62873252400101B0B /* ViewModel */,
				7AB53ECB287328E7009F9A04 /* PostQuestionView.swift */,
				7AB53ECD2873FE10009F9A04 /* MovetoNextRow.swift */,
				7AB53ECF2874033B009F9A04 /* CategoryListView.swift */,
			);
			path = PostQuestion;
			sourceTree = "<group>";
		};
		7A0CBFC62873252400101B0B /* ViewModel */ = {
			isa = PBXGroup;
			children = (
				7A0CBFC72873253500101B0B /* PostQuestionViewModel.swift */,
			);
			path = ViewModel;
			sourceTree = "<group>";
		};
		7A11A00D287591AE0099364A /* AllQuestionView */ = {
			isa = PBXGroup;
			children = (
				7A11A010287595120099364A /* WhiteQuestionCardView */,
				7A11A00E287592620099364A /* AllQuestionView.swift */,
			);
			path = AllQuestionView;
			sourceTree = "<group>";
		};
		7A11A010287595120099364A /* WhiteQuestionCardView */ = {
			isa = PBXGroup;
			children = (
				7A11A0112875952C0099364A /* WhiteQuestionCardView.swift */,
			);
			path = WhiteQuestionCardView;
			sourceTree = "<group>";
		};
		7A2A9B0C28608DF900224E2D = {
			isa = PBXGroup;
			children = (
				7A2A9B1728608DF900224E2D /* myMufti */,
				7A2A9B1628608DF900224E2D /* Products */,
			);
			sourceTree = "<group>";
		};
		7A2A9B1628608DF900224E2D /* Products */ = {
			isa = PBXGroup;
			children = (
				7A2A9B1528608DF900224E2D /* myMufti.app */,
			);
			name = Products;
			sourceTree = "<group>";
		};
		7A2A9B1728608DF900224E2D /* myMufti */ = {
			isa = PBXGroup;
			children = (
				7A2A9BA92860942C00224E2D /* Info.plist */,
				7A2B10422872FAC1007FBA73 /* BecomeMuftiDone.gif */,
				7A2A9B3528608E5900224E2D /* Common */,
				7A2A9B2F28608E5800224E2D /* Extension */,
				7A2A9B2628608E5800224E2D /* Manager */,
				7A2A9B83286093EF00224E2D /* Resources */,
				7A2A9B4E28608ED800224E2D /* View */,
				7A2A9B6E2860904F00224E2D /* Models */,
				7A2A9B4D28608EB400224E2D /* AppMain */,
				7A2A9B1C28608DFD00224E2D /* Assets.xcassets */,
				7A2A9B1E28608DFD00224E2D /* Preview Content */,
			);
			path = myMufti;
			sourceTree = "<group>";
		};
		7A2A9B1E28608DFD00224E2D /* Preview Content */ = {
			isa = PBXGroup;
			children = (
				7A2A9B1F28608DFD00224E2D /* Preview Assets.xcassets */,
			);
			path = "Preview Content";
			sourceTree = "<group>";
		};
		7A2A9B2628608E5800224E2D /* Manager */ = {
			isa = PBXGroup;
			children = (
				7A2A9B2728608E5800224E2D /* UserDefault */,
				7A2A9B2928608E5800224E2D /* ImagePicker */,
				7A2A9B2B28608E5800224E2D /* Network */,
				7A2A9B2D28608E5800224E2D /* DateManager */,
			);
			path = Manager;
			sourceTree = "<group>";
		};
		7A2A9B2728608E5800224E2D /* UserDefault */ = {
			isa = PBXGroup;
			children = (
				7A2A9B2828608E5800224E2D /* UserDefaultManager.swift */,
			);
			path = UserDefault;
			sourceTree = "<group>";
		};
		7A2A9B2928608E5800224E2D /* ImagePicker */ = {
			isa = PBXGroup;
			children = (
				7A2A9B2A28608E5800224E2D /* ImagePicker.swift */,
			);
			path = ImagePicker;
			sourceTree = "<group>";
		};
		7A2A9B2B28608E5800224E2D /* Network */ = {
			isa = PBXGroup;
			children = (
				7A2A9B2C28608E5800224E2D /* NetworkManager.swift */,
			);
			path = Network;
			sourceTree = "<group>";
		};
		7A2A9B2D28608E5800224E2D /* DateManager */ = {
			isa = PBXGroup;
			children = (
				7A2A9B2E28608E5800224E2D /* DateManager.swift */,
			);
			path = DateManager;
			sourceTree = "<group>";
		};
		7A2A9B2F28608E5800224E2D /* Extension */ = {
			isa = PBXGroup;
			children = (
				7A2A9B3028608E5800224E2D /* ColorExtension.swift */,
				7A2A9B3128608E5800224E2D /* Alignment */,
				7A2A9B3328608E5800224E2D /* TFPlaceHolderExtension.swift */,
				7A2A9B3428608E5800224E2D /* UIImageExt.swift */,
				7A5BDF32286214CD001676B4 /* RoundedCorner.swift */,
			);
			path = Extension;
			sourceTree = "<group>";
		};
		7A2A9B3128608E5800224E2D /* Alignment */ = {
			isa = PBXGroup;
			children = (
				7A2A9B3228608E5800224E2D /* AlignmentExt.swift */,
			);
			path = Alignment;
			sourceTree = "<group>";
		};
		7A2A9B3528608E5900224E2D /* Common */ = {
			isa = PBXGroup;
			children = (
				7A2A9B3628608E5900224E2D /* Constants.swift */,
				7A2A9B3728608E5900224E2D /* Validators.swift */,
			);
			path = Common;
			sourceTree = "<group>";
		};
		7A2A9B4D28608EB400224E2D /* AppMain */ = {
			isa = PBXGroup;
			children = (
				7A2A9B1828608DF900224E2D /* myMuftiApp.swift */,
				7A2A9B1A28608DF900224E2D /* ContentView.swift */,
			);
			path = AppMain;
			sourceTree = "<group>";
		};
		7A2A9B4E28608ED800224E2D /* View */ = {
			isa = PBXGroup;
			children = (
				7A11A00D287591AE0099364A /* AllQuestionView */,
				7A4F429E28743F2700B10DAC /* QuestionComment */,
				7AB53ED8287427A8009F9A04 /* Splash */,
				7A0CBFC32873249000101B0B /* PostQuestion */,
				7A2B10312872AAE5007FBA73 /* BecomeMufti */,
				7A2A9B4F28608EED00224E2D /* CustomViews */,
				7A2A9B7D2860911000224E2D /* SignUp */,
				7A2A9B6528608F4C00224E2D /* Login */,
				7A2A9B6928608FB100224E2D /* TabBarController */,
				7A2FBC0D2860A83100E3925F /* Home */,
				7A50D0E7286F380B0002A7FD /* QuestionDetail */,
				7A2FBC0F2860A83A00E3925F /* Chat */,
				7A5BDF1B2861C71D001676B4 /* ViewsInProfile */,
				7A2A9B732860906C00224E2D /* Profile */,
				7A2FBC0E2860A83500E3925F /* AskMufti */,
				7A2A9B7A286090E800224E2D /* ForgotPassword */,
				7AB53ED128740BB9009F9A04 /* TestView.swift */,
			);
			path = View;
			sourceTree = "<group>";
		};
		7A2A9B4F28608EED00224E2D /* CustomViews */ = {
			isa = PBXGroup;
			children = (
				7A2B1047287300FB007FBA73 /* GifImage */,
				7AD24D08286597560056EE6D /* ActivityViewController.swift */,
				7A5BDF172861B05A001676B4 /* Buttons */,
				7A2A9B5028608EED00224E2D /* LoginInHeaderView.swift */,
				7A2A9B5228608EED00224E2D /* HideNavbarOf.swift */,
				7A2A9B5328608EED00224E2D /* SearchBar.swift */,
				7A2A9B5428608EED00224E2D /* CustomTextField.swift */,
				7A2A9B5528608EED00224E2D /* GoogleSignInButton */,
				7A2A9B5828608EED00224E2D /* NavBar.swift */,
				7A2A9B5928608EED00224E2D /* InstructionText.swift */,
				7A2A9B5A28608EED00224E2D /* CustomDivider.swift */,
				7A5BDF3428644EB7001676B4 /* AsyncImageMLB.swift */,
				7AA1AD522869B9F200ADF2CA /* DropDownBtn.swift */,
				7A2B10362872B8F2007FBA73 /* ActionableTextField.swift */,
				7A2B10382872C359007FBA73 /* DatePickerMLB.swift */,
				7AB53ED328741353009F9A04 /* TimeLimitPicker.swift */,
			);
			path = CustomViews;
			sourceTree = "<group>";
		};
		7A2A9B5528608EED00224E2D /* GoogleSignInButton */ = {
			isa = PBXGroup;
			children = (
				7A2A9B5628608EED00224E2D /* GSignInViewModel.swift */,
				7A2A9B5728608EED00224E2D /* GSignInButton.swift */,
			);
			path = GoogleSignInButton;
			sourceTree = "<group>";
		};
		7A2A9B6528608F4C00224E2D /* Login */ = {
			isa = PBXGroup;
			children = (
				7A2A9B77286090AC00224E2D /* ViewModel */,
				7A2A9B6728608F6100224E2D /* LoginView.swift */,
			);
			path = Login;
			sourceTree = "<group>";
		};
		7A2A9B6928608FB100224E2D /* TabBarController */ = {
			isa = PBXGroup;
			children = (
				7A2A9B6A28608FB100224E2D /* TabBarControllerView.swift */,
				7A2A9B6B28608FB100224E2D /* TabViewsContainer.swift */,
			);
			path = TabBarController;
			sourceTree = "<group>";
		};
		7A2A9B6E2860904F00224E2D /* Models */ = {
			isa = PBXGroup;
			children = (
				7A2A9B6F2860904F00224E2D /* GeneralResponseModel.swift */,
				7A2A9B702860904F00224E2D /* User.swift */,
			);
			path = Models;
			sourceTree = "<group>";
		};
		7A2A9B732860906C00224E2D /* Profile */ = {
			isa = PBXGroup;
			children = (
				7A2FBC1828619B3D00E3925F /* subView */,
				7A2A9B762860907900224E2D /* ProfileViewModel */,
				7A2A9B742860907700224E2D /* ProfileView.swift */,
			);
			path = Profile;
			sourceTree = "<group>";
		};
		7A2A9B762860907900224E2D /* ProfileViewModel */ = {
			isa = PBXGroup;
			children = (
				7A2FBC1B28619BB500E3925F /* ProfileViewModel.swift */,
			);
			path = ProfileViewModel;
			sourceTree = "<group>";
		};
		7A2A9B77286090AC00224E2D /* ViewModel */ = {
			isa = PBXGroup;
			children = (
				7A2A9B78286090AC00224E2D /* LoginViewModel.swift */,
			);
			path = ViewModel;
			sourceTree = "<group>";
		};
		7A2A9B7A286090E800224E2D /* ForgotPassword */ = {
			isa = PBXGroup;
			children = (
				7A5BDF4C286483FB001676B4 /* NewPassword */,
				7A5BDF4628646A6A001676B4 /* OTPView */,
				7A5BDF40286465D5001676B4 /* ForgotEmailView */,
			);
			path = ForgotPassword;
			sourceTree = "<group>";
		};
		7A2A9B7D2860911000224E2D /* SignUp */ = {
			isa = PBXGroup;
			children = (
				7A2A9B7E2860911000224E2D /* ViewModel */,
				7A2A9B802860911000224E2D /* SignUpView.swift */,
			);
			path = SignUp;
			sourceTree = "<group>";
		};
		7A2A9B7E2860911000224E2D /* ViewModel */ = {
			isa = PBXGroup;
			children = (
				7A2A9B7F2860911000224E2D /* SignUpViewModel.swift */,
			);
			path = ViewModel;
			sourceTree = "<group>";
		};
		7A2A9B83286093EF00224E2D /* Resources */ = {
			isa = PBXGroup;
			children = (
				7A2A9B84286093EF00224E2D /* Fonts */,
			);
			path = Resources;
			sourceTree = "<group>";
		};
		7A2A9B84286093EF00224E2D /* Fonts */ = {
			isa = PBXGroup;
			children = (
				7A2A9B85286093EF00224E2D /* Poppins-ExtraLight.ttf */,
				7A2A9B86286093EF00224E2D /* Poppins-ThinItalic.ttf */,
				7A2A9B87286093EF00224E2D /* Poppins-ExtraLightItalic.ttf */,
				7A2A9B88286093EF00224E2D /* Poppins-BoldItalic.ttf */,
				7A2A9B89286093EF00224E2D /* Poppins-Light.ttf */,
				7A2A9B8A286093EF00224E2D /* Poppins-Medium.ttf */,
				7A2A9B8B286093EF00224E2D /* Poppins-SemiBoldItalic.ttf */,
				7A2A9B8C286093EF00224E2D /* Poppins-ExtraBoldItalic.ttf */,
				7A2A9B8D286093EF00224E2D /* Poppins-ExtraBold.ttf */,
				7A2A9B8E286093EF00224E2D /* Poppins-BlackItalic.ttf */,
				7A2A9B8F286093EF00224E2D /* Poppins-Regular.ttf */,
				7A2A9B90286093EF00224E2D /* Poppins-LightItalic.ttf */,
				7A2A9B91286093EF00224E2D /* Poppins-Bold.ttf */,
				7A2A9B92286093EF00224E2D /* Poppins-Black.ttf */,
				7A2A9B93286093EF00224E2D /* Poppins-Thin.ttf */,
				7A2A9B94286093EF00224E2D /* Poppins-SemiBold.ttf */,
				7A2A9B95286093EF00224E2D /* Poppins-Italic.ttf */,
				7A2A9B96286093EF00224E2D /* Poppins-MediumItalic.ttf */,
			);
			path = Fonts;
			sourceTree = "<group>";
		};
		7A2B10312872AAE5007FBA73 /* BecomeMufti */ = {
			isa = PBXGroup;
			children = (
				7A2B103F2872D4BC007FBA73 /* CategoryRow */,
				7A2B103C2872D3B1007FBA73 /* ViewModel */,
				7A2B10442872FAEA007FBA73 /* BecomeMuftiSuccessView.swift */,
				7A2B10322872AB44007FBA73 /* BecomeMuftiPersonInfoView.swift */,
				7A2B10342872B2FC007FBA73 /* BecomeMuftiEduView.swift */,
				7A2B103A2872D0FF007FBA73 /* BecomeMuftiCategoryView.swift */,
			);
			path = BecomeMufti;
			sourceTree = "<group>";
		};
		7A2B103C2872D3B1007FBA73 /* ViewModel */ = {
			isa = PBXGroup;
			children = (
				7A2B103D2872D3BD007FBA73 /* BecomeMuftiViewModel.swift */,
			);
			path = ViewModel;
			sourceTree = "<group>";
		};
		7A2B103F2872D4BC007FBA73 /* CategoryRow */ = {
			isa = PBXGroup;
			children = (
				7A2B10402872D4CE007FBA73 /* CategoryRow.swift */,
			);
			path = CategoryRow;
			sourceTree = "<group>";
		};
		7A2B1047287300FB007FBA73 /* GifImage */ = {
			isa = PBXGroup;
			children = (
				7A2B10482873010D007FBA73 /* GifImage.swift */,
			);
			path = GifImage;
			sourceTree = "<group>";
		};
		7A2FBC0D2860A83100E3925F /* Home */ = {
			isa = PBXGroup;
			children = (
				7A5CA7C1286D7913007B843A /* QuestionCard */,
				7A6A7F5F286C8368000461B1 /* Model */,
				7A6A7F5E286C8364000461B1 /* ViewModel */,
				7A2FBC122860A89400E3925F /* HomeView.swift */,
			);
			path = Home;
			sourceTree = "<group>";
		};
		7A2FBC0E2860A83500E3925F /* AskMufti */ = {
			isa = PBXGroup;
			children = (
				7AA1AD542869D0CD00ADF2CA /* FilterView */,
				7AA1AD4E2869AF4A00ADF2CA /* AskQuestion */,
			);
			path = AskMufti;
			sourceTree = "<group>";
		};
		7A2FBC0F2860A83A00E3925F /* Chat */ = {
			isa = PBXGroup;
			children = (
				7A2FBC162860A8A800E3925F /* Chat.swift */,
			);
			path = Chat;
			sourceTree = "<group>";
		};
		7A2FBC1828619B3D00E3925F /* subView */ = {
			isa = PBXGroup;
			children = (
				7A2FBC1928619B3D00E3925F /* ProfileRow.swift */,
			);
			path = subView;
			sourceTree = "<group>";
		};
		7A4F429E28743F2700B10DAC /* QuestionComment */ = {
			isa = PBXGroup;
			children = (
				7A4F42A728745C8C00B10DAC /* Model */,
				7A4F42A428745AFE00B10DAC /* ViewModel */,
				7A4F42A12874528000B10DAC /* CommentRow */,
				7A4F429F28743F5000B10DAC /* QuestionCommentView.swift */,
				7A11A0132875BE980099364A /* SeeAllCommentsView.swift */,
			);
			path = QuestionComment;
			sourceTree = "<group>";
		};
		7A4F42A12874528000B10DAC /* CommentRow */ = {
			isa = PBXGroup;
			children = (
				7A4F42A22874529500B10DAC /* CommentRow.swift */,
			);
			path = CommentRow;
			sourceTree = "<group>";
		};
		7A4F42A428745AFE00B10DAC /* ViewModel */ = {
			isa = PBXGroup;
			children = (
				7A4F42A528745B0E00B10DAC /* QuestionCommentViewModel.swift */,
			);
			path = ViewModel;
			sourceTree = "<group>";
		};
		7A4F42A728745C8C00B10DAC /* Model */ = {
			isa = PBXGroup;
			children = (
				7A4F42A828745C9500B10DAC /* CommentModel.swift */,
			);
			path = Model;
			sourceTree = "<group>";
		};
		7A50D0E7286F380B0002A7FD /* QuestionDetail */ = {
			isa = PBXGroup;
			children = (
				7A50D0EA286F38210002A7FD /* Model */,
				7A50D0E9286F381E0002A7FD /* ViewModel */,
				7A50D0E8286F38170002A7FD /* View */,
			);
			path = QuestionDetail;
			sourceTree = "<group>";
		};
		7A50D0E8286F38170002A7FD /* View */ = {
			isa = PBXGroup;
			children = (
				7A50D0EB286F382E0002A7FD /* QuestionDetailView.swift */,
			);
			path = View;
			sourceTree = "<group>";
		};
		7A50D0E9286F381E0002A7FD /* ViewModel */ = {
			isa = PBXGroup;
			children = (
			);
			path = ViewModel;
			sourceTree = "<group>";
		};
		7A50D0EA286F38210002A7FD /* Model */ = {
			isa = PBXGroup;
			children = (
			);
			path = Model;
			sourceTree = "<group>";
		};
		7A5BDF0C2861AC6D001676B4 /* ChanagePassword */ = {
			isa = PBXGroup;
			children = (
				7A5BDF0D2861AC6D001676B4 /* ViewModel */,
				7A5BDF0F2861AC6D001676B4 /* ChangePasswordView.swift */,
			);
			path = ChanagePassword;
			sourceTree = "<group>";
		};
		7A5BDF0D2861AC6D001676B4 /* ViewModel */ = {
			isa = PBXGroup;
			children = (
				7A5BDF0E2861AC6D001676B4 /* ChangePasswordViewModel.swift */,
			);
			path = ViewModel;
			sourceTree = "<group>";
		};
		7A5BDF122861AC74001676B4 /* ChangeUserName */ = {
			isa = PBXGroup;
			children = (
				7A5BDF1A2861BC15001676B4 /* ViewModel */,
				7A5BDF142861AC74001676B4 /* ChangeUserName.swift */,
			);
			path = ChangeUserName;
			sourceTree = "<group>";
		};
		7A5BDF172861B05A001676B4 /* Buttons */ = {
			isa = PBXGroup;
			children = (
				7A5BDF182861B064001676B4 /* GreenButton.swift */,
				7A2A9B5128608EED00224E2D /* BlackButton.swift */,
			);
			path = Buttons;
			sourceTree = "<group>";
		};
		7A5BDF1A2861BC15001676B4 /* ViewModel */ = {
			isa = PBXGroup;
			children = (
				7A5BDF132861AC74001676B4 /* ChangeUserNameViewModel.swift */,
			);
			path = ViewModel;
			sourceTree = "<group>";
		};
		7A5BDF1B2861C71D001676B4 /* ViewsInProfile */ = {
			isa = PBXGroup;
			children = (
				7AD24D0A2865C70D0056EE6D /* History */,
				7AD24D0128658CEC0056EE6D /* Help */,
				7AD24CFE2865868B0056EE6D /* PrivacyPolicy */,
				7A5BDF36286455C7001676B4 /* Meetings */,
				7A5BDF262861E656001676B4 /* MyQueries */,
				7A5BDF1C2861C74C001676B4 /* Notifications */,
				7A5BDF122861AC74001676B4 /* ChangeUserName */,
				7A5BDF0C2861AC6D001676B4 /* ChanagePassword */,
			);
			path = ViewsInProfile;
			sourceTree = "<group>";
		};
		7A5BDF1C2861C74C001676B4 /* Notifications */ = {
			isa = PBXGroup;
			children = (
				7A5BDF1D2861C7A4001676B4 /* NotificationView.swift */,
				7A5BDF232861D5B3001676B4 /* model */,
				7A5BDF202861D1B8001676B4 /* subView */,
				7A5BDF1F2861C7A7001676B4 /* ViewModel */,
			);
			path = Notifications;
			sourceTree = "<group>";
		};
		7A5BDF1F2861C7A7001676B4 /* ViewModel */ = {
			isa = PBXGroup;
			children = (
				7A5BDF242861D800001676B4 /* NotificationViewModel.swift */,
			);
			path = ViewModel;
			sourceTree = "<group>";
		};
		7A5BDF202861D1B8001676B4 /* subView */ = {
			isa = PBXGroup;
			children = (
				7A5BDF212861D1C6001676B4 /* NotificationRow.swift */,
			);
			path = subView;
			sourceTree = "<group>";
		};
		7A5BDF232861D5B3001676B4 /* model */ = {
			isa = PBXGroup;
			children = (
			);
			path = model;
			sourceTree = "<group>";
		};
		7A5BDF262861E656001676B4 /* MyQueries */ = {
			isa = PBXGroup;
			children = (
				7A5BDF272861E668001676B4 /* MyQuriesView.swift */,
				7A5BDF2F2861F50E001676B4 /* subView */,
				7A5BDF2C2861E8A4001676B4 /* model */,
				7A5BDF292861E670001676B4 /* ViewModel */,
			);
			path = MyQueries;
			sourceTree = "<group>";
		};
		7A5BDF292861E670001676B4 /* ViewModel */ = {
			isa = PBXGroup;
			children = (
				7A5BDF2A2861E69F001676B4 /* MyQueriesViewModel.swift */,
			);
			path = ViewModel;
			sourceTree = "<group>";
		};
		7A5BDF2C2861E8A4001676B4 /* model */ = {
			isa = PBXGroup;
			children = (
				7A5BDF2D2861E8B1001676B4 /* MyQueryModel.swift */,
			);
			path = model;
			sourceTree = "<group>";
		};
		7A5BDF2F2861F50E001676B4 /* subView */ = {
			isa = PBXGroup;
			children = (
				7A5BDF302861F521001676B4 /* MyQueryRow.swift */,
			);
			path = subView;
			sourceTree = "<group>";
		};
		7A5BDF36286455C7001676B4 /* Meetings */ = {
			isa = PBXGroup;
			children = (
				7A5BDF3928645607001676B4 /* MeetingView.swift */,
				7A5BDF38286455F0001676B4 /* MeetingRow */,
				7A5BDF37286455EC001676B4 /* ViewModel */,
			);
			path = Meetings;
			sourceTree = "<group>";
		};
		7A5BDF37286455EC001676B4 /* ViewModel */ = {
			isa = PBXGroup;
			children = (
				7A5BDF3D28646342001676B4 /* MeetingViewModel.swift */,
				7A5BDF5228649DD7001676B4 /* MeetingModel.swift */,
			);
			path = ViewModel;
			sourceTree = "<group>";
		};
		7A5BDF38286455F0001676B4 /* MeetingRow */ = {
			isa = PBXGroup;
			children = (
				7A5BDF3B2864583E001676B4 /* MeetingRow.swift */,
			);
			path = MeetingRow;
			sourceTree = "<group>";
		};
		7A5BDF40286465D5001676B4 /* ForgotEmailView */ = {
			isa = PBXGroup;
			children = (
				7A5BDF41286465FA001676B4 /* ForgotEmailView.swift */,
				7A5BDF4328646658001676B4 /* ViewModel */,
			);
			path = ForgotEmailView;
			sourceTree = "<group>";
		};
		7A5BDF4328646658001676B4 /* ViewModel */ = {
			isa = PBXGroup;
			children = (
				7A5BDF442864667C001676B4 /* ForgotEmailViewModel.swift */,
			);
			path = ViewModel;
			sourceTree = "<group>";
		};
		7A5BDF4628646A6A001676B4 /* OTPView */ = {
			isa = PBXGroup;
			children = (
				7A5BDF4728646A76001676B4 /* OTPView.swift */,
				7A5BDF4928646AC4001676B4 /* ViewModel */,
			);
			path = OTPView;
			sourceTree = "<group>";
		};
		7A5BDF4928646AC4001676B4 /* ViewModel */ = {
			isa = PBXGroup;
			children = (
				7A5BDF4A28646ADA001676B4 /* OTPViewModel.swift */,
			);
			path = ViewModel;
			sourceTree = "<group>";
		};
		7A5BDF4C286483FB001676B4 /* NewPassword */ = {
			isa = PBXGroup;
			children = (
				7A5BDF4F28648BE1001676B4 /* ViewModel */,
				7A5BDF4D28648418001676B4 /* CreateNewPasswordView.swift */,
			);
			path = NewPassword;
			sourceTree = "<group>";
		};
		7A5BDF4F28648BE1001676B4 /* ViewModel */ = {
			isa = PBXGroup;
			children = (
				7A5BDF5028648C39001676B4 /* CreateNewPasswordViewModel.swift */,
			);
			path = ViewModel;
			sourceTree = "<group>";
		};
		7A5CA7C1286D7913007B843A /* QuestionCard */ = {
			isa = PBXGroup;
			children = (
				7A5CA7C2286D7963007B843A /* QuestionCardView.swift */,
			);
			path = QuestionCard;
			sourceTree = "<group>";
		};
		7A6A7F5E286C8364000461B1 /* ViewModel */ = {
			isa = PBXGroup;
			children = (
				7A4BE578286C85D9006F2A2F /* HomeViewModel.swift */,
			);
			path = ViewModel;
			sourceTree = "<group>";
		};
		7A6A7F5F286C8368000461B1 /* Model */ = {
			isa = PBXGroup;
			children = (
				7A5EEFBD286EF9340095FF3A /* HomeModel.swift */,
			);
			path = Model;
			sourceTree = "<group>";
		};
		7AA1AD4E2869AF4A00ADF2CA /* AskQuestion */ = {
			isa = PBXGroup;
			children = (
				7AD24D1D2865DFE90056EE6D /* Model */,
				7AD24D1C2865DB350056EE6D /* MuftiRowView */,
				7AA1AD4F2869AF5300ADF2CA /* ViewModel */,
				7AA1AD4C2869AEC200ADF2CA /* AskQuestionView.swift */,
			);
			path = AskQuestion;
			sourceTree = "<group>";
		};
		7AA1AD4F2869AF5300ADF2CA /* ViewModel */ = {
			isa = PBXGroup;
			children = (
				7AA1AD502869AF6200ADF2CA /* AskQuestionViewModel.swift */,
			);
			path = ViewModel;
			sourceTree = "<group>";
		};
		7AA1AD542869D0CD00ADF2CA /* FilterView */ = {
			isa = PBXGroup;
			children = (
				7AA1AD552869D0D900ADF2CA /* FilterView.swift */,
				7AA1AD572869D82D00ADF2CA /* ViewModel */,
			);
			path = FilterView;
			sourceTree = "<group>";
		};
		7AA1AD572869D82D00ADF2CA /* ViewModel */ = {
			isa = PBXGroup;
			children = (
				7AA1AD582869D83A00ADF2CA /* FilterViewModel.swift */,
			);
			path = ViewModel;
			sourceTree = "<group>";
		};
		7AB53ED5287423DF009F9A04 /* Model */ = {
			isa = PBXGroup;
			children = (
				7AB53ED6287423EC009F9A04 /* PostQuestionModel.swift */,
			);
			path = Model;
			sourceTree = "<group>";
		};
		7AB53ED8287427A8009F9A04 /* Splash */ = {
			isa = PBXGroup;
			children = (
				7AB53ED9287427BA009F9A04 /* SplashView.swift */,
			);
			path = Splash;
			sourceTree = "<group>";
		};
		7AD24CFE2865868B0056EE6D /* PrivacyPolicy */ = {
			isa = PBXGroup;
			children = (
				7AD24CFF2865869B0056EE6D /* PrivacyPolicyView.swift */,
			);
			path = PrivacyPolicy;
			sourceTree = "<group>";
		};
		7AD24D0128658CEC0056EE6D /* Help */ = {
			isa = PBXGroup;
			children = (
				7AD24D0228658CFE0056EE6D /* HelpView.swift */,
				7AD24D0428658D050056EE6D /* ViewModel */,
			);
			path = Help;
			sourceTree = "<group>";
		};
		7AD24D0428658D050056EE6D /* ViewModel */ = {
			isa = PBXGroup;
			children = (
				7AD24D0528658D150056EE6D /* HelpViewModel.swift */,
			);
			path = ViewModel;
			sourceTree = "<group>";
		};
		7AD24D0A2865C70D0056EE6D /* History */ = {
			isa = PBXGroup;
			children = (
				7AD24D0B2865C71F0056EE6D /* HistoryView.swift */,
				7AD24D142865C8F40056EE6D /* HistoryRow */,
				7AD24D112865C7D80056EE6D /* Model */,
				7AD24D0D2865C7450056EE6D /* ViewModel */,
			);
			path = History;
			sourceTree = "<group>";
		};
		7AD24D0D2865C7450056EE6D /* ViewModel */ = {
			isa = PBXGroup;
			children = (
				7AD24D0F2865C7630056EE6D /* HistoryViewModel.swift */,
			);
			path = ViewModel;
			sourceTree = "<group>";
		};
		7AD24D112865C7D80056EE6D /* Model */ = {
			isa = PBXGroup;
			children = (
				7AD24D122865C7EA0056EE6D /* HistoryModel.swift */,
			);
			path = Model;
			sourceTree = "<group>";
		};
		7AD24D142865C8F40056EE6D /* HistoryRow */ = {
			isa = PBXGroup;
			children = (
				7AD24D152865C9E20056EE6D /* HistoryRow.swift */,
			);
			path = HistoryRow;
			sourceTree = "<group>";
		};
		7AD24D1C2865DB350056EE6D /* MuftiRowView */ = {
			isa = PBXGroup;
			children = (
				7AD24D1A2865DB2F0056EE6D /* MuftiRow.swift */,
			);
			path = MuftiRowView;
			sourceTree = "<group>";
		};
		7AD24D1D2865DFE90056EE6D /* Model */ = {
			isa = PBXGroup;
			children = (
				7AD24D1E2865DFFE0056EE6D /* MuftiModel.swift */,
				7A6A7F5C286C664D000461B1 /* AskQuestionModel.swift */,
			);
			path = Model;
			sourceTree = "<group>";
		};
/* End PBXGroup section */

/* Begin PBXNativeTarget section */
		7A2A9B1428608DF900224E2D /* myMufti */ = {
			isa = PBXNativeTarget;
			buildConfigurationList = 7A2A9B2328608DFD00224E2D /* Build configuration list for PBXNativeTarget "myMufti" */;
			buildPhases = (
				7A2A9B1128608DF900224E2D /* Sources */,
				7A2A9B1228608DF900224E2D /* Frameworks */,
				7A2A9B1328608DF900224E2D /* Resources */,
			);
			buildRules = (
			);
			dependencies = (
			);
			name = myMufti;
			packageProductDependencies = (
				7A2A9B4328608E6C00224E2D /* Alamofire */,
				7A2A9B4628608E8D00224E2D /* GoogleSignIn */,
				7A2A9B4828608E8D00224E2D /* GoogleSignInSwift */,
				7A2A9B4B28608EAD00224E2D /* SwiftSpinner */,
			);
			productName = myMufti;
			productReference = 7A2A9B1528608DF900224E2D /* myMufti.app */;
			productType = "com.apple.product-type.application";
		};
/* End PBXNativeTarget section */

/* Begin PBXProject section */
		7A2A9B0D28608DF900224E2D /* Project object */ = {
			isa = PBXProject;
			attributes = {
				BuildIndependentTargetsInParallel = 1;
				LastSwiftUpdateCheck = 1330;
				LastUpgradeCheck = 1330;
				TargetAttributes = {
					7A2A9B1428608DF900224E2D = {
						CreatedOnToolsVersion = 13.3;
					};
				};
			};
			buildConfigurationList = 7A2A9B1028608DF900224E2D /* Build configuration list for PBXProject "myMufti" */;
			compatibilityVersion = "Xcode 13.0";
			developmentRegion = en;
			hasScannedForEncodings = 0;
			knownRegions = (
				en,
				Base,
			);
			mainGroup = 7A2A9B0C28608DF900224E2D;
			packageReferences = (
				7A2A9B4228608E6C00224E2D /* XCRemoteSwiftPackageReference "Alamofire" */,
				7A2A9B4528608E8D00224E2D /* XCRemoteSwiftPackageReference "GoogleSignIn-iOS" */,
				7A2A9B4A28608EAD00224E2D /* XCRemoteSwiftPackageReference "SwiftSpinner" */,
			);
			productRefGroup = 7A2A9B1628608DF900224E2D /* Products */;
			projectDirPath = "";
			projectRoot = "";
			targets = (
				7A2A9B1428608DF900224E2D /* myMufti */,
			);
		};
/* End PBXProject section */

/* Begin PBXResourcesBuildPhase section */
		7A2A9B1328608DF900224E2D /* Resources */ = {
			isa = PBXResourcesBuildPhase;
			buildActionMask = 2147483647;
			files = (
				7A2A9BA4286093EF00224E2D /* Poppins-Black.ttf in Resources */,
				7A2A9B9B286093EF00224E2D /* Poppins-Light.ttf in Resources */,
				7A2A9B97286093EF00224E2D /* Poppins-ExtraLight.ttf in Resources */,
				7A2A9BA5286093EF00224E2D /* Poppins-Thin.ttf in Resources */,
				7A2B10432872FAC1007FBA73 /* BecomeMuftiDone.gif in Resources */,
				7A2A9BA7286093EF00224E2D /* Poppins-Italic.ttf in Resources */,
				7A2A9BA1286093EF00224E2D /* Poppins-Regular.ttf in Resources */,
				7A2A9B98286093EF00224E2D /* Poppins-ThinItalic.ttf in Resources */,
				7A2A9B99286093EF00224E2D /* Poppins-ExtraLightItalic.ttf in Resources */,
				7A2A9BA0286093EF00224E2D /* Poppins-BlackItalic.ttf in Resources */,
				7A2A9BA8286093EF00224E2D /* Poppins-MediumItalic.ttf in Resources */,
				7A2A9B9E286093EF00224E2D /* Poppins-ExtraBoldItalic.ttf in Resources */,
				7A2A9BA3286093EF00224E2D /* Poppins-Bold.ttf in Resources */,
				7A2A9B9A286093EF00224E2D /* Poppins-BoldItalic.ttf in Resources */,
				7A2A9B9D286093EF00224E2D /* Poppins-SemiBoldItalic.ttf in Resources */,
				7A2A9BA2286093EF00224E2D /* Poppins-LightItalic.ttf in Resources */,
				7A2A9B9F286093EF00224E2D /* Poppins-ExtraBold.ttf in Resources */,
				7A2A9B9C286093EF00224E2D /* Poppins-Medium.ttf in Resources */,
				7A2A9BA6286093EF00224E2D /* Poppins-SemiBold.ttf in Resources */,
				7A2A9B2028608DFD00224E2D /* Preview Assets.xcassets in Resources */,
				7A2A9B1D28608DFD00224E2D /* Assets.xcassets in Resources */,
			);
			runOnlyForDeploymentPostprocessing = 0;
		};
/* End PBXResourcesBuildPhase section */

/* Begin PBXSourcesBuildPhase section */
		7A2A9B1128608DF900224E2D /* Sources */ = {
			isa = PBXSourcesBuildPhase;
			buildActionMask = 2147483647;
			files = (
				7AB53ED228740BB9009F9A04 /* TestView.swift in Sources */,
				7A5BDF4E28648418001676B4 /* CreateNewPasswordView.swift in Sources */,
				7A2A9B6C28608FB100224E2D /* TabBarControllerView.swift in Sources */,
				7A2B10492873010D007FBA73 /* GifImage.swift in Sources */,
				7A11A0122875952C0099364A /* WhiteQuestionCardView.swift in Sources */,
				7A2A9B5D28608EED00224E2D /* HideNavbarOf.swift in Sources */,
				7AB53ECE2873FE10009F9A04 /* MovetoNextRow.swift in Sources */,
				7AD24D09286597560056EE6D /* ActivityViewController.swift in Sources */,
				7A5BDF33286214CD001676B4 /* RoundedCorner.swift in Sources */,
				7A2A9B3828608E5900224E2D /* UserDefaultManager.swift in Sources */,
				7A4F42A628745B0E00B10DAC /* QuestionCommentViewModel.swift in Sources */,
				7AA1AD592869D83A00ADF2CA /* FilterViewModel.swift in Sources */,
				7AD24D0328658CFE0056EE6D /* HelpView.swift in Sources */,
				7A5BDF162861AC74001676B4 /* ChangeUserName.swift in Sources */,
				7A11A00F287592620099364A /* AllQuestionView.swift in Sources */,
				7A4F42A32874529500B10DAC /* CommentRow.swift in Sources */,
				7A2A9B4028608E5900224E2D /* Constants.swift in Sources */,
				7A2A9B3B28608E5900224E2D /* DateManager.swift in Sources */,
				7A2B103E2872D3BD007FBA73 /* BecomeMuftiViewModel.swift in Sources */,
				7AA1AD4D2869AEC200ADF2CA /* AskQuestionView.swift in Sources */,
				7A2A9B722860904F00224E2D /* User.swift in Sources */,
				7AB53EDA287427BB009F9A04 /* SplashView.swift in Sources */,
				7A2A9B5B28608EED00224E2D /* LoginInHeaderView.swift in Sources */,
				7A2A9B6228608EED00224E2D /* NavBar.swift in Sources */,
				7AD24D102865C7630056EE6D /* HistoryViewModel.swift in Sources */,
				7AD24D1F2865DFFE0056EE6D /* MuftiModel.swift in Sources */,
				7A2A9B812860911000224E2D /* SignUpViewModel.swift in Sources */,
				7A5BDF2E2861E8B1001676B4 /* MyQueryModel.swift in Sources */,
				7A2B10412872D4CE007FBA73 /* CategoryRow.swift in Sources */,
				7A0CBFC82873253500101B0B /* PostQuestionViewModel.swift in Sources */,
				7A4BE579286C85D9006F2A2F /* HomeViewModel.swift in Sources */,
				7A5BDF3A28645607001676B4 /* MeetingView.swift in Sources */,
				7A4F42A028743F5000B10DAC /* QuestionCommentView.swift in Sources */,
				7A2A9B6428608EED00224E2D /* CustomDivider.swift in Sources */,
				7AD24D0C2865C71F0056EE6D /* HistoryView.swift in Sources */,
				7A2A9B5E28608EED00224E2D /* SearchBar.swift in Sources */,
				7AD24D132865C7EA0056EE6D /* HistoryModel.swift in Sources */,
				7A2A9B3928608E5900224E2D /* ImagePicker.swift in Sources */,
				7A5BDF5128648C39001676B4 /* CreateNewPasswordViewModel.swift in Sources */,
				7A2B10372872B8F2007FBA73 /* ActionableTextField.swift in Sources */,
				7A2A9B6828608F6100224E2D /* LoginView.swift in Sources */,
				7A5BDF4828646A76001676B4 /* OTPView.swift in Sources */,
				7A2A9B752860907700224E2D /* ProfileView.swift in Sources */,
				7A11A0142875BE980099364A /* SeeAllCommentsView.swift in Sources */,
				7A2A9B3A28608E5900224E2D /* NetworkManager.swift in Sources */,
				7A2A9B5F28608EED00224E2D /* CustomTextField.swift in Sources */,
				7AA1AD512869AF6200ADF2CA /* AskQuestionViewModel.swift in Sources */,
				7A2A9B3E28608E5900224E2D /* TFPlaceHolderExtension.swift in Sources */,
				7AD24D1B2865DB2F0056EE6D /* MuftiRow.swift in Sources */,
				7A2A9B6028608EED00224E2D /* GSignInViewModel.swift in Sources */,
				7A5BDF312861F521001676B4 /* MyQueryRow.swift in Sources */,
				7A2B10392872C359007FBA73 /* DatePickerMLB.swift in Sources */,
				7A5BDF112861AC6D001676B4 /* ChangePasswordView.swift in Sources */,
				7A5EEFBE286EF9340095FF3A /* HomeModel.swift in Sources */,
				7A2A9B5C28608EED00224E2D /* BlackButton.swift in Sources */,
				7A6A7F5D286C664D000461B1 /* AskQuestionModel.swift in Sources */,
				7A2FBC1A28619B3D00E3925F /* ProfileRow.swift in Sources */,
				7A5BDF222861D1C7001676B4 /* NotificationRow.swift in Sources */,
				7A2A9B3F28608E5900224E2D /* UIImageExt.swift in Sources */,
				7A2A9B6128608EED00224E2D /* GSignInButton.swift in Sources */,
				7AD24D002865869B0056EE6D /* PrivacyPolicyView.swift in Sources */,
				7A2A9B1B28608DF900224E2D /* ContentView.swift in Sources */,
				7A2FBC172860A8A800E3925F /* Chat.swift in Sources */,
				7A5BDF152861AC74001676B4 /* ChangeUserNameViewModel.swift in Sources */,
				7A5BDF102861AC6D001676B4 /* ChangePasswordViewModel.swift in Sources */,
				7A5BDF452864667C001676B4 /* ForgotEmailViewModel.swift in Sources */,
				7A2A9B79286090AC00224E2D /* LoginViewModel.swift in Sources */,
				7AD24D162865C9E20056EE6D /* HistoryRow.swift in Sources */,
				7A5BDF2B2861E69F001676B4 /* MyQueriesViewModel.swift in Sources */,
				7AB53ED7287423EC009F9A04 /* PostQuestionModel.swift in Sources */,
				7A2FBC1C28619BB500E3925F /* ProfileViewModel.swift in Sources */,
				7A5CA7C3286D7963007B843A /* QuestionCardView.swift in Sources */,
				7A2B10332872AB44007FBA73 /* BecomeMuftiPersonInfoView.swift in Sources */,
				7A50D0EC286F382E0002A7FD /* QuestionDetailView.swift in Sources */,
				7A2A9B4128608E5900224E2D /* Validators.swift in Sources */,
				7A5BDF3E28646342001676B4 /* MeetingViewModel.swift in Sources */,
				7A2A9B6D28608FB100224E2D /* TabViewsContainer.swift in Sources */,
				7A5BDF42286465FA001676B4 /* ForgotEmailView.swift in Sources */,
				7A5BDF3C2864583E001676B4 /* MeetingRow.swift in Sources */,
				7AA1AD532869B9F200ADF2CA /* DropDownBtn.swift in Sources */,
				7AA1AD562869D0D900ADF2CA /* FilterView.swift in Sources */,
				7A2A9B712860904F00224E2D /* GeneralResponseModel.swift in Sources */,
				7A5BDF282861E669001676B4 /* MyQuriesView.swift in Sources */,
				7AB53ED02874033B009F9A04 /* CategoryListView.swift in Sources */,
				7A2A9B3D28608E5900224E2D /* AlignmentExt.swift in Sources */,
				7AB53ECC287328E7009F9A04 /* PostQuestionView.swift in Sources */,
				7A5BDF192861B064001676B4 /* GreenButton.swift in Sources */,
				7AD24D0628658D150056EE6D /* HelpViewModel.swift in Sources */,
				7AB53ED428741353009F9A04 /* TimeLimitPicker.swift in Sources */,
				7A5BDF4B28646ADA001676B4 /* OTPViewModel.swift in Sources */,
				7A2FBC132860A89400E3925F /* HomeView.swift in Sources */,
				7A2A9B3C28608E5900224E2D /* ColorExtension.swift in Sources */,
				7A2A9B822860911000224E2D /* SignUpView.swift in Sources */,
				7A2B10352872B2FC007FBA73 /* BecomeMuftiEduView.swift in Sources */,
				7A2A9B1928608DF900224E2D /* myMuftiApp.swift in Sources */,
				7A5BDF252861D800001676B4 /* NotificationViewModel.swift in Sources */,
				7A2B10452872FAEA007FBA73 /* BecomeMuftiSuccessView.swift in Sources */,
				7A5BDF3528644EB7001676B4 /* AsyncImageMLB.swift in Sources */,
				7A5BDF1E2861C7A4001676B4 /* NotificationView.swift in Sources */,
				7A2B103B2872D0FF007FBA73 /* BecomeMuftiCategoryView.swift in Sources */,
				7A4F42A928745C9500B10DAC /* CommentModel.swift in Sources */,
				7A2A9B6328608EED00224E2D /* InstructionText.swift in Sources */,
				7A5BDF5328649DD7001676B4 /* MeetingModel.swift in Sources */,
			);
			runOnlyForDeploymentPostprocessing = 0;
		};
/* End PBXSourcesBuildPhase section */

/* Begin XCBuildConfiguration section */
		7A2A9B2128608DFD00224E2D /* Debug */ = {
			isa = XCBuildConfiguration;
			buildSettings = {
				ALWAYS_SEARCH_USER_PATHS = NO;
				CLANG_ANALYZER_NONNULL = YES;
				CLANG_ANALYZER_NUMBER_OBJECT_CONVERSION = YES_AGGRESSIVE;
				CLANG_CXX_LANGUAGE_STANDARD = "gnu++17";
				CLANG_ENABLE_MODULES = YES;
				CLANG_ENABLE_OBJC_ARC = YES;
				CLANG_ENABLE_OBJC_WEAK = YES;
				CLANG_WARN_BLOCK_CAPTURE_AUTORELEASING = YES;
				CLANG_WARN_BOOL_CONVERSION = YES;
				CLANG_WARN_COMMA = YES;
				CLANG_WARN_CONSTANT_CONVERSION = YES;
				CLANG_WARN_DEPRECATED_OBJC_IMPLEMENTATIONS = YES;
				CLANG_WARN_DIRECT_OBJC_ISA_USAGE = YES_ERROR;
				CLANG_WARN_DOCUMENTATION_COMMENTS = YES;
				CLANG_WARN_EMPTY_BODY = YES;
				CLANG_WARN_ENUM_CONVERSION = YES;
				CLANG_WARN_INFINITE_RECURSION = YES;
				CLANG_WARN_INT_CONVERSION = YES;
				CLANG_WARN_NON_LITERAL_NULL_CONVERSION = YES;
				CLANG_WARN_OBJC_IMPLICIT_RETAIN_SELF = YES;
				CLANG_WARN_OBJC_LITERAL_CONVERSION = YES;
				CLANG_WARN_OBJC_ROOT_CLASS = YES_ERROR;
				CLANG_WARN_QUOTED_INCLUDE_IN_FRAMEWORK_HEADER = YES;
				CLANG_WARN_RANGE_LOOP_ANALYSIS = YES;
				CLANG_WARN_STRICT_PROTOTYPES = YES;
				CLANG_WARN_SUSPICIOUS_MOVE = YES;
				CLANG_WARN_UNGUARDED_AVAILABILITY = YES_AGGRESSIVE;
				CLANG_WARN_UNREACHABLE_CODE = YES;
				CLANG_WARN__DUPLICATE_METHOD_MATCH = YES;
				COPY_PHASE_STRIP = NO;
				DEBUG_INFORMATION_FORMAT = dwarf;
				ENABLE_STRICT_OBJC_MSGSEND = YES;
				ENABLE_TESTABILITY = YES;
				GCC_C_LANGUAGE_STANDARD = gnu11;
				GCC_DYNAMIC_NO_PIC = NO;
				GCC_NO_COMMON_BLOCKS = YES;
				GCC_OPTIMIZATION_LEVEL = 0;
				GCC_PREPROCESSOR_DEFINITIONS = (
					"DEBUG=1",
					"$(inherited)",
				);
				GCC_WARN_64_TO_32_BIT_CONVERSION = YES;
				GCC_WARN_ABOUT_RETURN_TYPE = YES_ERROR;
				GCC_WARN_UNDECLARED_SELECTOR = YES;
				GCC_WARN_UNINITIALIZED_AUTOS = YES_AGGRESSIVE;
				GCC_WARN_UNUSED_FUNCTION = YES;
				GCC_WARN_UNUSED_VARIABLE = YES;
				IPHONEOS_DEPLOYMENT_TARGET = 15.4;
				MTL_ENABLE_DEBUG_INFO = INCLUDE_SOURCE;
				MTL_FAST_MATH = YES;
				ONLY_ACTIVE_ARCH = YES;
				SDKROOT = iphoneos;
				SWIFT_ACTIVE_COMPILATION_CONDITIONS = DEBUG;
				SWIFT_OPTIMIZATION_LEVEL = "-Onone";
			};
			name = Debug;
		};
		7A2A9B2228608DFD00224E2D /* Release */ = {
			isa = XCBuildConfiguration;
			buildSettings = {
				ALWAYS_SEARCH_USER_PATHS = NO;
				CLANG_ANALYZER_NONNULL = YES;
				CLANG_ANALYZER_NUMBER_OBJECT_CONVERSION = YES_AGGRESSIVE;
				CLANG_CXX_LANGUAGE_STANDARD = "gnu++17";
				CLANG_ENABLE_MODULES = YES;
				CLANG_ENABLE_OBJC_ARC = YES;
				CLANG_ENABLE_OBJC_WEAK = YES;
				CLANG_WARN_BLOCK_CAPTURE_AUTORELEASING = YES;
				CLANG_WARN_BOOL_CONVERSION = YES;
				CLANG_WARN_COMMA = YES;
				CLANG_WARN_CONSTANT_CONVERSION = YES;
				CLANG_WARN_DEPRECATED_OBJC_IMPLEMENTATIONS = YES;
				CLANG_WARN_DIRECT_OBJC_ISA_USAGE = YES_ERROR;
				CLANG_WARN_DOCUMENTATION_COMMENTS = YES;
				CLANG_WARN_EMPTY_BODY = YES;
				CLANG_WARN_ENUM_CONVERSION = YES;
				CLANG_WARN_INFINITE_RECURSION = YES;
				CLANG_WARN_INT_CONVERSION = YES;
				CLANG_WARN_NON_LITERAL_NULL_CONVERSION = YES;
				CLANG_WARN_OBJC_IMPLICIT_RETAIN_SELF = YES;
				CLANG_WARN_OBJC_LITERAL_CONVERSION = YES;
				CLANG_WARN_OBJC_ROOT_CLASS = YES_ERROR;
				CLANG_WARN_QUOTED_INCLUDE_IN_FRAMEWORK_HEADER = YES;
				CLANG_WARN_RANGE_LOOP_ANALYSIS = YES;
				CLANG_WARN_STRICT_PROTOTYPES = YES;
				CLANG_WARN_SUSPICIOUS_MOVE = YES;
				CLANG_WARN_UNGUARDED_AVAILABILITY = YES_AGGRESSIVE;
				CLANG_WARN_UNREACHABLE_CODE = YES;
				CLANG_WARN__DUPLICATE_METHOD_MATCH = YES;
				COPY_PHASE_STRIP = NO;
				DEBUG_INFORMATION_FORMAT = "dwarf-with-dsym";
				ENABLE_NS_ASSERTIONS = NO;
				ENABLE_STRICT_OBJC_MSGSEND = YES;
				GCC_C_LANGUAGE_STANDARD = gnu11;
				GCC_NO_COMMON_BLOCKS = YES;
				GCC_WARN_64_TO_32_BIT_CONVERSION = YES;
				GCC_WARN_ABOUT_RETURN_TYPE = YES_ERROR;
				GCC_WARN_UNDECLARED_SELECTOR = YES;
				GCC_WARN_UNINITIALIZED_AUTOS = YES_AGGRESSIVE;
				GCC_WARN_UNUSED_FUNCTION = YES;
				GCC_WARN_UNUSED_VARIABLE = YES;
				IPHONEOS_DEPLOYMENT_TARGET = 15.4;
				MTL_ENABLE_DEBUG_INFO = NO;
				MTL_FAST_MATH = YES;
				SDKROOT = iphoneos;
				SWIFT_COMPILATION_MODE = wholemodule;
				SWIFT_OPTIMIZATION_LEVEL = "-O";
				VALIDATE_PRODUCT = YES;
			};
			name = Release;
		};
		7A2A9B2428608DFD00224E2D /* Debug */ = {
			isa = XCBuildConfiguration;
			buildSettings = {
				ASSETCATALOG_COMPILER_APPICON_NAME = AppIcon;
				ASSETCATALOG_COMPILER_GLOBAL_ACCENT_COLOR_NAME = AccentColor;
				CODE_SIGN_STYLE = Automatic;
				CURRENT_PROJECT_VERSION = 1;
				DEVELOPMENT_ASSET_PATHS = "\"myMufti/Preview Content\"";
				DEVELOPMENT_TEAM = BS98TAD573;
				ENABLE_PREVIEWS = YES;
				GENERATE_INFOPLIST_FILE = YES;
				INFOPLIST_FILE = myMufti/Info.plist;
				INFOPLIST_KEY_UIApplicationSceneManifest_Generation = YES;
				INFOPLIST_KEY_UIApplicationSupportsIndirectInputEvents = YES;
				INFOPLIST_KEY_UILaunchScreen_Generation = YES;
				INFOPLIST_KEY_UISupportedInterfaceOrientations_iPad = "UIInterfaceOrientationPortrait UIInterfaceOrientationPortraitUpsideDown UIInterfaceOrientationLandscapeLeft UIInterfaceOrientationLandscapeRight";
				INFOPLIST_KEY_UISupportedInterfaceOrientations_iPhone = "UIInterfaceOrientationPortrait UIInterfaceOrientationLandscapeLeft UIInterfaceOrientationLandscapeRight";
				IPHONEOS_DEPLOYMENT_TARGET = 15.0;
				LD_RUNPATH_SEARCH_PATHS = (
					"$(inherited)",
					"@executable_path/Frameworks",
				);
				MARKETING_VERSION = 1.0;
				PRODUCT_BUNDLE_IDENTIFIER = com.mlbranch.myMufti;
				PRODUCT_NAME = "$(TARGET_NAME)";
				SWIFT_EMIT_LOC_STRINGS = YES;
				SWIFT_VERSION = 5.0;
				TARGETED_DEVICE_FAMILY = 1;
			};
			name = Debug;
		};
		7A2A9B2528608DFD00224E2D /* Release */ = {
			isa = XCBuildConfiguration;
			buildSettings = {
				ASSETCATALOG_COMPILER_APPICON_NAME = AppIcon;
				ASSETCATALOG_COMPILER_GLOBAL_ACCENT_COLOR_NAME = AccentColor;
				CODE_SIGN_STYLE = Automatic;
				CURRENT_PROJECT_VERSION = 1;
				DEVELOPMENT_ASSET_PATHS = "\"myMufti/Preview Content\"";
				DEVELOPMENT_TEAM = BS98TAD573;
				ENABLE_PREVIEWS = YES;
				GENERATE_INFOPLIST_FILE = YES;
				INFOPLIST_FILE = myMufti/Info.plist;
				INFOPLIST_KEY_UIApplicationSceneManifest_Generation = YES;
				INFOPLIST_KEY_UIApplicationSupportsIndirectInputEvents = YES;
				INFOPLIST_KEY_UILaunchScreen_Generation = YES;
				INFOPLIST_KEY_UISupportedInterfaceOrientations_iPad = "UIInterfaceOrientationPortrait UIInterfaceOrientationPortraitUpsideDown UIInterfaceOrientationLandscapeLeft UIInterfaceOrientationLandscapeRight";
				INFOPLIST_KEY_UISupportedInterfaceOrientations_iPhone = "UIInterfaceOrientationPortrait UIInterfaceOrientationLandscapeLeft UIInterfaceOrientationLandscapeRight";
				IPHONEOS_DEPLOYMENT_TARGET = 15.0;
				LD_RUNPATH_SEARCH_PATHS = (
					"$(inherited)",
					"@executable_path/Frameworks",
				);
				MARKETING_VERSION = 1.0;
				PRODUCT_BUNDLE_IDENTIFIER = com.mlbranch.myMufti;
				PRODUCT_NAME = "$(TARGET_NAME)";
				SWIFT_EMIT_LOC_STRINGS = YES;
				SWIFT_VERSION = 5.0;
				TARGETED_DEVICE_FAMILY = 1;
			};
			name = Release;
		};
/* End XCBuildConfiguration section */

/* Begin XCConfigurationList section */
		7A2A9B1028608DF900224E2D /* Build configuration list for PBXProject "myMufti" */ = {
			isa = XCConfigurationList;
			buildConfigurations = (
				7A2A9B2128608DFD00224E2D /* Debug */,
				7A2A9B2228608DFD00224E2D /* Release */,
			);
			defaultConfigurationIsVisible = 0;
			defaultConfigurationName = Release;
		};
		7A2A9B2328608DFD00224E2D /* Build configuration list for PBXNativeTarget "myMufti" */ = {
			isa = XCConfigurationList;
			buildConfigurations = (
				7A2A9B2428608DFD00224E2D /* Debug */,
				7A2A9B2528608DFD00224E2D /* Release */,
			);
			defaultConfigurationIsVisible = 0;
			defaultConfigurationName = Release;
		};
/* End XCConfigurationList section */

/* Begin XCRemoteSwiftPackageReference section */
		7A2A9B4228608E6C00224E2D /* XCRemoteSwiftPackageReference "Alamofire" */ = {
			isa = XCRemoteSwiftPackageReference;
			repositoryURL = "https://github.com/Alamofire/Alamofire";
			requirement = {
				branch = master;
				kind = branch;
			};
		};
		7A2A9B4528608E8D00224E2D /* XCRemoteSwiftPackageReference "GoogleSignIn-iOS" */ = {
			isa = XCRemoteSwiftPackageReference;
			repositoryURL = "https://github.com/google/GoogleSignIn-iOS";
			requirement = {
				branch = main;
				kind = branch;
			};
		};
		7A2A9B4A28608EAD00224E2D /* XCRemoteSwiftPackageReference "SwiftSpinner" */ = {
			isa = XCRemoteSwiftPackageReference;
			repositoryURL = "https://github.com/icanzilb/SwiftSpinner";
			requirement = {
				branch = master;
				kind = branch;
			};
		};
/* End XCRemoteSwiftPackageReference section */

/* Begin XCSwiftPackageProductDependency section */
		7A2A9B4328608E6C00224E2D /* Alamofire */ = {
			isa = XCSwiftPackageProductDependency;
			package = 7A2A9B4228608E6C00224E2D /* XCRemoteSwiftPackageReference "Alamofire" */;
			productName = Alamofire;
		};
		7A2A9B4628608E8D00224E2D /* GoogleSignIn */ = {
			isa = XCSwiftPackageProductDependency;
			package = 7A2A9B4528608E8D00224E2D /* XCRemoteSwiftPackageReference "GoogleSignIn-iOS" */;
			productName = GoogleSignIn;
		};
		7A2A9B4828608E8D00224E2D /* GoogleSignInSwift */ = {
			isa = XCSwiftPackageProductDependency;
			package = 7A2A9B4528608E8D00224E2D /* XCRemoteSwiftPackageReference "GoogleSignIn-iOS" */;
			productName = GoogleSignInSwift;
		};
		7A2A9B4B28608EAD00224E2D /* SwiftSpinner */ = {
			isa = XCSwiftPackageProductDependency;
			package = 7A2A9B4A28608EAD00224E2D /* XCRemoteSwiftPackageReference "SwiftSpinner" */;
			productName = SwiftSpinner;
		};
/* End XCSwiftPackageProductDependency section */
	};
	rootObject = 7A2A9B0D28608DF900224E2D /* Project object */;
}
